{
  "version": 4,
  "terraform_version": "1.0.4",
  "serial": 1177,
  "lineage": "89c92242-0de5-37dc-8562-1fe94e6f0d36",
  "outputs": {},
  "resources": [
    {
      "module": "module.api-lambda-module",
      "mode": "data",
      "type": "archive_file",
      "name": "accountrequest",
      "provider": "provider[\"registry.terraform.io/hashicorp/archive\"]",
      "instances": [
        {
          "schema_version": 0,
          "attributes": {
            "exclude_symlink_directories": null,
            "excludes": null,
            "id": "01ab5b2d5fdaeaed7b19a30101868e1013431565",
            "output_base64sha256": "kZkIFlV493k/SxfodKC/T/VbXZNEQBe0poPsorGK4RM=",
            "output_base64sha512": "0B3Bay5y6/XMXNfWqKwTtEE3wWTZpf2ncXsED+vKw3k2Ov02AYtlmZ8bjPrxaQrwaUHmz0BsRmQyJPUZxVgT8Q==",
            "output_file_mode": null,
            "output_md5": "6d17cb80bbefbae4e7e3d0cf102e139a",
            "output_path": "accountrequest.zip",
            "output_sha": "01ab5b2d5fdaeaed7b19a30101868e1013431565",
            "output_sha256": "919908165578f7793f4b17e874a0bf4ff55b5d93444017b4a683eca2b18ae113",
            "output_sha512": "d01dc16b2e72ebf5cc5cd7d6a8ac13b44137c164d9a5fda7717b040febcac379363afd36018b65999f1b8cfaf1690af06941e6cf406c46643224f519c55813f1",
            "output_size": 2551,
            "source": [],
            "source_content": null,
            "source_content_filename": null,
            "source_dir": null,
            "source_file": "accountrequest_lambda_function.py",
            "type": "zip"
          },
          "sensitive_attributes": []
        }
      ]
    },
    {
      "module": "module.api-lambda-module",
      "mode": "data",
      "type": "archive_file",
      "name": "lambda1",
      "provider": "provider[\"registry.terraform.io/hashicorp/archive\"]",
      "instances": [
        {
          "schema_version": 0,
          "attributes": {
            "exclude_symlink_directories": null,
            "excludes": null,
            "id": "1991d6f9e11a576798383cb7437ba032e39bf3bd",
            "output_base64sha256": "8Wmy95q/t7pRC1UWS9POf0/5JopWwEBuRK27wMb3lhM=",
            "output_base64sha512": "ZpDn08zEpYx8MouJpBcI6dPxmIXX8xuUhB8xq0WnpzkPGfxEJtUnJOzqt57bNWdwu3O/ufywvkUbpNEKJlYw0A==",
            "output_file_mode": null,
            "output_md5": "62e205bf8c48eb95b737efb0f71a9de4",
            "output_path": "lambda1.zip",
            "output_sha": "1991d6f9e11a576798383cb7437ba032e39bf3bd",
            "output_sha256": "f169b2f79abfb7ba510b55164bd3ce7f4ff9268a56c0406e44adbbc0c6f79613",
            "output_sha512": "6690e7d3ccc4a58c7c328b89a41708e9d3f19885d7f31b94841f31ab45a7a7390f19fc4426d52724eceab79edb356770bb73bfb9fcb0be451ba4d10a265630d0",
            "output_size": 574,
            "source": [],
            "source_content": null,
            "source_content_filename": null,
            "source_dir": null,
            "source_file": "get_lambda_function.py",
            "type": "zip"
          },
          "sensitive_attributes": []
        }
      ]
    },
    {
      "module": "module.api-lambda-module",
      "mode": "data",
      "type": "archive_file",
      "name": "lambdaemailcheck",
      "provider": "provider[\"registry.terraform.io/hashicorp/archive\"]",
      "instances": [
        {
          "schema_version": 0,
          "attributes": {
            "exclude_symlink_directories": null,
            "excludes": null,
            "id": "9645b2a1866501b5241cc709ef26010a45f96e69",
            "output_base64sha256": "3skaDrxMlAFFn+2hIT9MDdGIL85CIefO+P6xbd6ZflM=",
            "output_base64sha512": "jowmhksWF3/tnYs4V9npj81CpY2S5TRnytsQPoKvmAm5oXXhMBU3qYN6sYrPV+B82Y+G8APSegWcK3/Ams/xMw==",
            "output_file_mode": null,
            "output_md5": "54e47c788fa97c83c5a8112e8e2b84b7",
            "output_path": "emailcheck.zip",
            "output_sha": "9645b2a1866501b5241cc709ef26010a45f96e69",
            "output_sha256": "dec91a0ebc4c9401459feda1213f4c0dd1882fce4221e7cef8feb16dde997e53",
            "output_sha512": "8e8c26864b16177fed9d8b3857d9e98fcd42a58d92e53467cadb103e82af9809b9a175e1301537a9837ab18acf57e07cd98f86f003d27a059c2b7fc09acff133",
            "output_size": 406,
            "source": [],
            "source_content": null,
            "source_content_filename": null,
            "source_dir": null,
            "source_file": "emailcheck_lambda_function.py",
            "type": "zip"
          },
          "sensitive_attributes": []
        }
      ]
    },
    {
      "module": "module.api-lambda-module",
      "mode": "data",
      "type": "archive_file",
      "name": "lambdaemailfetch",
      "provider": "provider[\"registry.terraform.io/hashicorp/archive\"]",
      "instances": [
        {
          "schema_version": 0,
          "attributes": {
            "exclude_symlink_directories": null,
            "excludes": null,
            "id": "1bf90aa61b15392b53be29bc7a8ee6691b8cde1d",
            "output_base64sha256": "EkcMGOuHBa4lwLHRPR9/AT1UgsbgtCfBZBB+UDWq1oM=",
            "output_base64sha512": "Nm+6NyC9hFuoWOouDa3yzNijop5xDMPeo7h5Or/4r0O+wNY22JJ9fRuYbNb0yy8Ql/DAcDGu5vBLlgCkuVfFIw==",
            "output_file_mode": null,
            "output_md5": "c9678559291f19ccf4e497b994bf754b",
            "output_path": "emailfetch.zip",
            "output_sha": "1bf90aa61b15392b53be29bc7a8ee6691b8cde1d",
            "output_sha256": "12470c18eb8705ae25c0b1d13d1f7f013d5482c6e0b427c164107e5035aad683",
            "output_sha512": "366fba3720bd845ba858ea2e0dadf2ccd8a3a29e710cc3dea3b8793abff8af43bec0d636d8927d7d1b986cd6f4cb2f1097f0c07031aee6f04b9600a4b957c523",
            "output_size": 750,
            "source": [],
            "source_content": null,
            "source_content_filename": null,
            "source_dir": null,
            "source_file": "emailfetch_lambda_function.py",
            "type": "zip"
          },
          "sensitive_attributes": []
        }
      ]
    },
    {
      "module": "module.api-lambda-module",
      "mode": "data",
      "type": "archive_file",
      "name": "lambdamyfunction",
      "provider": "provider[\"registry.terraform.io/hashicorp/archive\"]",
      "instances": [
        {
          "schema_version": 0,
          "attributes": {
            "exclude_symlink_directories": null,
            "excludes": null,
            "id": "09c66b0dc89026b8bdd123de3f98f7a2c1383c89",
            "output_base64sha256": "sbINpnStke0K2cYslGQ9naBYs58E/WOCpSnfIB8u2ac=",
            "output_base64sha512": "w4crW5s+mJvTUYLXMDrb/Pr4x6wpYlBjdJcYVYJoFYbFV275pMOlDW+s5nmwfOX2rGXbj3zvRWCWOErrc4r+SA==",
            "output_file_mode": null,
            "output_md5": "b6626080bc36e612650297d7ea1b2bbf",
            "output_path": "myfunction.zip",
            "output_sha": "09c66b0dc89026b8bdd123de3f98f7a2c1383c89",
            "output_sha256": "b1b20da674ad91ed0ad9c62c94643d9da058b39f04fd6382a529df201f2ed9a7",
            "output_sha512": "c3872b5b9b3e989bd35182d7303adbfcfaf8c7ac296250637497185582681586c5576ef9a4c3a50d6face679b07ce5f6ac65db8f7cef456096384aeb738afe48",
            "output_size": 813,
            "source": [],
            "source_content": null,
            "source_content_filename": null,
            "source_dir": null,
            "source_file": "myfunction.py",
            "type": "zip"
          },
          "sensitive_attributes": []
        }
      ]
    },
    {
      "module": "module.api-lambda-module",
      "mode": "data",
      "type": "aws_iam_policy_document",
      "name": "assume_role_accountrequest",
      "provider": "provider[\"registry.terraform.io/hashicorp/aws\"]",
      "instances": [
        {
          "schema_version": 0,
          "attributes": {
            "id": "2690255455",
            "json": "{\n  \"Version\": \"2012-10-17\",\n  \"Statement\": [\n    {\n      \"Effect\": \"Allow\",\n      \"Action\": \"sts:AssumeRole\",\n      \"Principal\": {\n        \"Service\": \"lambda.amazonaws.com\"\n      }\n    }\n  ]\n}",
            "override_policy_documents": null,
            "policy_id": null,
            "source_policy_documents": null,
            "statement": [
              {
                "actions": [
                  "sts:AssumeRole"
                ],
                "condition": [],
                "effect": "Allow",
                "not_actions": [],
                "not_principals": [],
                "not_resources": [],
                "principals": [
                  {
                    "identifiers": [
                      "lambda.amazonaws.com"
                    ],
                    "type": "Service"
                  }
                ],
                "resources": [],
                "sid": ""
              }
            ],
            "version": "2012-10-17"
          },
          "sensitive_attributes": []
        }
      ]
    },
    {
      "module": "module.api-lambda-module",
      "mode": "data",
      "type": "aws_iam_policy_document",
      "name": "assume_role_emailcheck",
      "provider": "provider[\"registry.terraform.io/hashicorp/aws\"]",
      "instances": [
        {
          "schema_version": 0,
          "attributes": {
            "id": "2690255455",
            "json": "{\n  \"Version\": \"2012-10-17\",\n  \"Statement\": [\n    {\n      \"Effect\": \"Allow\",\n      \"Action\": \"sts:AssumeRole\",\n      \"Principal\": {\n        \"Service\": \"lambda.amazonaws.com\"\n      }\n    }\n  ]\n}",
            "override_policy_documents": null,
            "policy_id": null,
            "source_policy_documents": null,
            "statement": [
              {
                "actions": [
                  "sts:AssumeRole"
                ],
                "condition": [],
                "effect": "Allow",
                "not_actions": [],
                "not_principals": [],
                "not_resources": [],
                "principals": [
                  {
                    "identifiers": [
                      "lambda.amazonaws.com"
                    ],
                    "type": "Service"
                  }
                ],
                "resources": [],
                "sid": ""
              }
            ],
            "version": "2012-10-17"
          },
          "sensitive_attributes": []
        }
      ]
    },
    {
      "module": "module.api-lambda-module",
      "mode": "data",
      "type": "aws_iam_policy_document",
      "name": "assume_role_emailfetch",
      "provider": "provider[\"registry.terraform.io/hashicorp/aws\"]",
      "instances": [
        {
          "schema_version": 0,
          "attributes": {
            "id": "2690255455",
            "json": "{\n  \"Version\": \"2012-10-17\",\n  \"Statement\": [\n    {\n      \"Effect\": \"Allow\",\n      \"Action\": \"sts:AssumeRole\",\n      \"Principal\": {\n        \"Service\": \"lambda.amazonaws.com\"\n      }\n    }\n  ]\n}",
            "override_policy_documents": null,
            "policy_id": null,
            "source_policy_documents": null,
            "statement": [
              {
                "actions": [
                  "sts:AssumeRole"
                ],
                "condition": [],
                "effect": "Allow",
                "not_actions": [],
                "not_principals": [],
                "not_resources": [],
                "principals": [
                  {
                    "identifiers": [
                      "lambda.amazonaws.com"
                    ],
                    "type": "Service"
                  }
                ],
                "resources": [],
                "sid": ""
              }
            ],
            "version": "2012-10-17"
          },
          "sensitive_attributes": []
        }
      ]
    },
    {
      "module": "module.api-lambda-module",
      "mode": "data",
      "type": "aws_iam_policy_document",
      "name": "assume_role_get",
      "provider": "provider[\"registry.terraform.io/hashicorp/aws\"]",
      "instances": [
        {
          "schema_version": 0,
          "attributes": {
            "id": "2690255455",
            "json": "{\n  \"Version\": \"2012-10-17\",\n  \"Statement\": [\n    {\n      \"Effect\": \"Allow\",\n      \"Action\": \"sts:AssumeRole\",\n      \"Principal\": {\n        \"Service\": \"lambda.amazonaws.com\"\n      }\n    }\n  ]\n}",
            "override_policy_documents": null,
            "policy_id": null,
            "source_policy_documents": null,
            "statement": [
              {
                "actions": [
                  "sts:AssumeRole"
                ],
                "condition": [],
                "effect": "Allow",
                "not_actions": [],
                "not_principals": [],
                "not_resources": [],
                "principals": [
                  {
                    "identifiers": [
                      "lambda.amazonaws.com"
                    ],
                    "type": "Service"
                  }
                ],
                "resources": [],
                "sid": ""
              }
            ],
            "version": "2012-10-17"
          },
          "sensitive_attributes": []
        }
      ]
    },
    {
      "module": "module.api-lambda-module",
      "mode": "data",
      "type": "aws_iam_policy_document",
      "name": "assume_role_myfunction",
      "provider": "provider[\"registry.terraform.io/hashicorp/aws\"]",
      "instances": [
        {
          "schema_version": 0,
          "attributes": {
            "id": "2690255455",
            "json": "{\n  \"Version\": \"2012-10-17\",\n  \"Statement\": [\n    {\n      \"Effect\": \"Allow\",\n      \"Action\": \"sts:AssumeRole\",\n      \"Principal\": {\n        \"Service\": \"lambda.amazonaws.com\"\n      }\n    }\n  ]\n}",
            "override_policy_documents": null,
            "policy_id": null,
            "source_policy_documents": null,
            "statement": [
              {
                "actions": [
                  "sts:AssumeRole"
                ],
                "condition": [],
                "effect": "Allow",
                "not_actions": [],
                "not_principals": [],
                "not_resources": [],
                "principals": [
                  {
                    "identifiers": [
                      "lambda.amazonaws.com"
                    ],
                    "type": "Service"
                  }
                ],
                "resources": [],
                "sid": ""
              }
            ],
            "version": "2012-10-17"
          },
          "sensitive_attributes": []
        }
      ]
    },
    {
      "module": "module.api-lambda-module",
      "mode": "managed",
      "type": "aws_api_gateway_authorizer",
      "name": "authorizer",
      "provider": "provider[\"registry.terraform.io/hashicorp/aws\"]",
      "instances": [
        {
          "schema_version": 0,
          "attributes": {
            "arn": "arn:aws:apigateway:ap-south-1::/restapis/705zf5qy4e/authorizers/k5kjmd",
            "authorizer_credentials": "",
            "authorizer_result_ttl_in_seconds": 300,
            "authorizer_uri": "",
            "id": "k5kjmd",
            "identity_source": "method.request.header.Authorization",
            "identity_validation_expression": "",
            "name": "sspauth",
            "provider_arns": [
              "arn:aws:cognito-idp:ap-south-1:060735869845:userpool/ap-south-1_1FNPx3M3X"
            ],
            "rest_api_id": "705zf5qy4e",
            "type": "COGNITO_USER_POOLS"
          },
          "sensitive_attributes": [],
          "private": "bnVsbA==",
          "dependencies": [
            "module.api-lambda-module.aws_api_gateway_rest_api.api",
            "module.cognito-module.aws_cognito_user_pool.pool"
          ]
        }
      ]
    },
    {
      "module": "module.api-lambda-module",
      "mode": "managed",
      "type": "aws_api_gateway_deployment",
      "name": "deployment",
      "provider": "provider[\"registry.terraform.io/hashicorp/aws\"]",
      "instances": [
        {
          "schema_version": 0,
          "attributes": {
            "created_date": "2023-11-13T12:13:37Z",
            "description": "",
            "execution_arn": "arn:aws:execute-api:ap-south-1:060735869845:705zf5qy4e/Dev",
            "id": "en5ky0",
            "invoke_url": "https://705zf5qy4e.execute-api.ap-south-1.amazonaws.com/Dev",
            "rest_api_id": "705zf5qy4e",
            "stage_description": null,
            "stage_name": "Dev",
            "triggers": null,
            "variables": null
          },
          "sensitive_attributes": [],
          "private": "bnVsbA==",
          "dependencies": [
            "module.api-lambda-module.aws_api_gateway_authorizer.authorizer",
            "module.api-lambda-module.aws_api_gateway_integration.request_method_integration",
            "module.api-lambda-module.aws_api_gateway_integration.request_method_integration_get",
            "module.api-lambda-module.aws_api_gateway_integration_response.response_method_integration",
            "module.api-lambda-module.aws_api_gateway_integration_response.response_method_integration_get",
            "module.api-lambda-module.aws_api_gateway_method.request_method",
            "module.api-lambda-module.aws_api_gateway_method.request_method_get",
            "module.api-lambda-module.aws_api_gateway_method_response.response_method",
            "module.api-lambda-module.aws_api_gateway_method_response.response_method_get",
            "module.api-lambda-module.aws_api_gateway_resource.proxy",
            "module.api-lambda-module.aws_api_gateway_rest_api.api",
            "module.api-lambda-module.aws_cloudwatch_log_group.log_group_for_sfn",
            "module.api-lambda-module.aws_iam_role.iam_for_lambda_emailcheck",
            "module.api-lambda-module.aws_iam_role.iam_for_lambda_emailfetch",
            "module.api-lambda-module.aws_iam_role.iam_for_lambda_get",
            "module.api-lambda-module.aws_iam_role.iam_for_sfn",
            "module.api-lambda-module.aws_iam_role.step_function_role",
            "module.api-lambda-module.aws_lambda_function.lambda_accountrequest",
            "module.api-lambda-module.aws_lambda_function.lambda_email",
            "module.api-lambda-module.aws_lambda_function.lambda_emailfetch",
            "module.api-lambda-module.aws_lambda_function.test_lambda1",
            "module.api-lambda-module.aws_sfn_state_machine.sfn_state_machine",
            "module.api-lambda-module.data.archive_file.accountrequest",
            "module.api-lambda-module.data.archive_file.lambda1",
            "module.api-lambda-module.data.archive_file.lambdaemailcheck",
            "module.api-lambda-module.data.archive_file.lambdaemailfetch",
            "module.api-lambda-module.data.aws_iam_policy_document.assume_role_emailcheck",
            "module.api-lambda-module.data.aws_iam_policy_document.assume_role_emailfetch",
            "module.api-lambda-module.data.aws_iam_policy_document.assume_role_get",
            "module.cognito-module.aws_cognito_user_pool.pool"
          ]
        }
      ]
    },
    {
      "module": "module.api-lambda-module",
      "mode": "managed",
      "type": "aws_api_gateway_integration",
      "name": "request_method_integration",
      "provider": "provider[\"registry.terraform.io/hashicorp/aws\"]",
      "instances": [
        {
          "schema_version": 0,
          "attributes": {
            "cache_key_parameters": null,
            "cache_namespace": "8w4fmm",
            "connection_id": "",
            "connection_type": "INTERNET",
            "content_handling": "",
            "credentials": "arn:aws:iam::060735869845:role/APIGatewayToStepFunctions",
            "http_method": "POST",
            "id": "agi-705zf5qy4e-8w4fmm-POST",
            "integration_http_method": "POST",
            "passthrough_behavior": "WHEN_NO_MATCH",
            "request_parameters": null,
            "request_templates": {
              "application/json": "\n#set($data = $util.escapeJavaScript($input.json('$'))) \n{ \n  \"input\": \"$data\", \n  \"stateMachineArn\": \"arn:aws:states:ap-south-1:060735869845:stateMachine:state-machine\"\n}\n\n"
            },
            "resource_id": "8w4fmm",
            "rest_api_id": "705zf5qy4e",
            "timeout_milliseconds": 29000,
            "tls_config": [],
            "type": "AWS",
            "uri": "arn:aws:apigateway:ap-south-1:states:action/StartExecution"
          },
          "sensitive_attributes": [],
          "private": "bnVsbA==",
          "dependencies": [
            "module.api-lambda-module.aws_api_gateway_authorizer.authorizer",
            "module.api-lambda-module.aws_api_gateway_method.request_method",
            "module.api-lambda-module.aws_api_gateway_resource.proxy",
            "module.api-lambda-module.aws_api_gateway_rest_api.api",
            "module.api-lambda-module.aws_cloudwatch_log_group.log_group_for_sfn",
            "module.api-lambda-module.aws_iam_role.iam_for_lambda_emailcheck",
            "module.api-lambda-module.aws_iam_role.iam_for_lambda_emailfetch",
            "module.api-lambda-module.aws_iam_role.iam_for_sfn",
            "module.api-lambda-module.aws_iam_role.step_function_role",
            "module.api-lambda-module.aws_lambda_function.lambda_accountrequest",
            "module.api-lambda-module.aws_lambda_function.lambda_email",
            "module.api-lambda-module.aws_lambda_function.lambda_emailfetch",
            "module.api-lambda-module.aws_sfn_state_machine.sfn_state_machine",
            "module.api-lambda-module.data.archive_file.accountrequest",
            "module.api-lambda-module.data.archive_file.lambdaemailcheck",
            "module.api-lambda-module.data.archive_file.lambdaemailfetch",
            "module.api-lambda-module.data.aws_iam_policy_document.assume_role_emailcheck",
            "module.api-lambda-module.data.aws_iam_policy_document.assume_role_emailfetch",
            "module.cognito-module.aws_cognito_user_pool.pool"
          ]
        }
      ]
    },
    {
      "module": "module.api-lambda-module",
      "mode": "managed",
      "type": "aws_api_gateway_integration",
      "name": "request_method_integration_get",
      "provider": "provider[\"registry.terraform.io/hashicorp/aws\"]",
      "instances": [
        {
          "schema_version": 0,
          "attributes": {
            "cache_key_parameters": null,
            "cache_namespace": "8w4fmm",
            "connection_id": "",
            "connection_type": "INTERNET",
            "content_handling": "",
            "credentials": "",
            "http_method": "GET",
            "id": "agi-705zf5qy4e-8w4fmm-GET",
            "integration_http_method": "POST",
            "passthrough_behavior": "WHEN_NO_MATCH",
            "request_parameters": null,
            "request_templates": null,
            "resource_id": "8w4fmm",
            "rest_api_id": "705zf5qy4e",
            "timeout_milliseconds": 29000,
            "tls_config": [],
            "type": "AWS",
            "uri": "arn:aws:apigateway:ap-south-1:lambda:path/2015-03-31/functions/arn:aws:lambda:ap-south-1:060735869845:function:get_lambda_function/invocations"
          },
          "sensitive_attributes": [],
          "private": "bnVsbA==",
          "dependencies": [
            "module.api-lambda-module.aws_api_gateway_authorizer.authorizer",
            "module.api-lambda-module.aws_api_gateway_method.request_method_get",
            "module.api-lambda-module.aws_api_gateway_resource.proxy",
            "module.api-lambda-module.aws_api_gateway_rest_api.api",
            "module.api-lambda-module.aws_iam_role.iam_for_lambda_get",
            "module.api-lambda-module.aws_lambda_function.test_lambda1",
            "module.api-lambda-module.data.archive_file.lambda1",
            "module.api-lambda-module.data.aws_iam_policy_document.assume_role_get",
            "module.cognito-module.aws_cognito_user_pool.pool"
          ]
        }
      ]
    },
    {
      "module": "module.api-lambda-module",
      "mode": "managed",
      "type": "aws_api_gateway_integration",
      "name": "request_method_integration_get_delete",
      "provider": "provider[\"registry.terraform.io/hashicorp/aws\"]",
      "instances": [
        {
          "schema_version": 0,
          "attributes": {
            "cache_key_parameters": null,
            "cache_namespace": "avnvtr",
            "connection_id": "",
            "connection_type": "INTERNET",
            "content_handling": "",
            "credentials": "",
            "http_method": "DELETE",
            "id": "agi-705zf5qy4e-avnvtr-DELETE",
            "integration_http_method": "POST",
            "passthrough_behavior": "WHEN_NO_MATCH",
            "request_parameters": null,
            "request_templates": null,
            "resource_id": "avnvtr",
            "rest_api_id": "705zf5qy4e",
            "timeout_milliseconds": 29000,
            "tls_config": [],
            "type": "AWS",
            "uri": "arn:aws:apigateway:ap-south-1:lambda:path/2015-03-31/functions/arn:aws:lambda:ap-south-1:060735869845:function:myfunction/invocations"
          },
          "sensitive_attributes": [],
          "private": "bnVsbA==",
          "dependencies": [
            "module.api-lambda-module.aws_api_gateway_authorizer.authorizer",
            "module.api-lambda-module.aws_api_gateway_method.request_method_get_delete",
            "module.api-lambda-module.aws_api_gateway_resource.proxy1",
            "module.api-lambda-module.aws_api_gateway_resource.proxy2",
            "module.api-lambda-module.aws_api_gateway_rest_api.api",
            "module.api-lambda-module.aws_iam_role.iam_for_lambda_myfunction",
            "module.api-lambda-module.aws_lambda_function.lambda_myfunction",
            "module.api-lambda-module.data.archive_file.lambdamyfunction",
            "module.api-lambda-module.data.aws_iam_policy_document.assume_role_myfunction",
            "module.cognito-module.aws_cognito_user_pool.pool"
          ]
        }
      ]
    },
    {
      "module": "module.api-lambda-module",
      "mode": "managed",
      "type": "aws_api_gateway_integration",
      "name": "request_method_integration_get_get_id",
      "provider": "provider[\"registry.terraform.io/hashicorp/aws\"]",
      "instances": [
        {
          "schema_version": 0,
          "attributes": {
            "cache_key_parameters": null,
            "cache_namespace": "avnvtr",
            "connection_id": "",
            "connection_type": "INTERNET",
            "content_handling": "",
            "credentials": "",
            "http_method": "GET",
            "id": "agi-705zf5qy4e-avnvtr-GET",
            "integration_http_method": "POST",
            "passthrough_behavior": "WHEN_NO_MATCH",
            "request_parameters": null,
            "request_templates": null,
            "resource_id": "avnvtr",
            "rest_api_id": "705zf5qy4e",
            "timeout_milliseconds": 29000,
            "tls_config": [],
            "type": "AWS",
            "uri": "arn:aws:apigateway:ap-south-1:lambda:path/2015-03-31/functions/arn:aws:lambda:ap-south-1:060735869845:function:myfunction/invocations"
          },
          "sensitive_attributes": [],
          "private": "bnVsbA==",
          "dependencies": [
            "module.api-lambda-module.aws_api_gateway_authorizer.authorizer",
            "module.api-lambda-module.aws_api_gateway_method.request_method_get_get_id",
            "module.api-lambda-module.aws_api_gateway_resource.proxy1",
            "module.api-lambda-module.aws_api_gateway_resource.proxy2",
            "module.api-lambda-module.aws_api_gateway_rest_api.api",
            "module.api-lambda-module.aws_iam_role.iam_for_lambda_myfunction",
            "module.api-lambda-module.aws_lambda_function.lambda_myfunction",
            "module.api-lambda-module.data.archive_file.lambdamyfunction",
            "module.api-lambda-module.data.aws_iam_policy_document.assume_role_myfunction",
            "module.cognito-module.aws_cognito_user_pool.pool"
          ]
        }
      ]
    },
    {
      "module": "module.api-lambda-module",
      "mode": "managed",
      "type": "aws_api_gateway_integration",
      "name": "request_method_integration_get_myfunction",
      "provider": "provider[\"registry.terraform.io/hashicorp/aws\"]",
      "instances": [
        {
          "schema_version": 0,
          "attributes": {
            "cache_key_parameters": null,
            "cache_namespace": "gg5fmx",
            "connection_id": "",
            "connection_type": "INTERNET",
            "content_handling": "",
            "credentials": "",
            "http_method": "GET",
            "id": "agi-705zf5qy4e-gg5fmx-GET",
            "integration_http_method": "POST",
            "passthrough_behavior": "WHEN_NO_MATCH",
            "request_parameters": null,
            "request_templates": null,
            "resource_id": "gg5fmx",
            "rest_api_id": "705zf5qy4e",
            "timeout_milliseconds": 29000,
            "tls_config": [],
            "type": "AWS",
            "uri": "arn:aws:apigateway:ap-south-1:lambda:path/2015-03-31/functions/arn:aws:lambda:ap-south-1:060735869845:function:myfunction/invocations"
          },
          "sensitive_attributes": [],
          "private": "bnVsbA==",
          "dependencies": [
            "module.api-lambda-module.aws_api_gateway_authorizer.authorizer",
            "module.api-lambda-module.aws_api_gateway_method.request_method_get_myfunction",
            "module.api-lambda-module.aws_api_gateway_resource.proxy1",
            "module.api-lambda-module.aws_api_gateway_rest_api.api",
            "module.api-lambda-module.aws_iam_role.iam_for_lambda_myfunction",
            "module.api-lambda-module.aws_lambda_function.lambda_myfunction",
            "module.api-lambda-module.data.archive_file.lambdamyfunction",
            "module.api-lambda-module.data.aws_iam_policy_document.assume_role_myfunction",
            "module.cognito-module.aws_cognito_user_pool.pool"
          ]
        }
      ]
    },
    {
      "module": "module.api-lambda-module",
      "mode": "managed",
      "type": "aws_api_gateway_integration",
      "name": "request_method_integration_get_myfunction_put",
      "provider": "provider[\"registry.terraform.io/hashicorp/aws\"]",
      "instances": [
        {
          "schema_version": 0,
          "attributes": {
            "cache_key_parameters": null,
            "cache_namespace": "gg5fmx",
            "connection_id": "",
            "connection_type": "INTERNET",
            "content_handling": "",
            "credentials": "",
            "http_method": "PUT",
            "id": "agi-705zf5qy4e-gg5fmx-PUT",
            "integration_http_method": "POST",
            "passthrough_behavior": "WHEN_NO_MATCH",
            "request_parameters": null,
            "request_templates": null,
            "resource_id": "gg5fmx",
            "rest_api_id": "705zf5qy4e",
            "timeout_milliseconds": 29000,
            "tls_config": [],
            "type": "AWS",
            "uri": "arn:aws:apigateway:ap-south-1:lambda:path/2015-03-31/functions/arn:aws:lambda:ap-south-1:060735869845:function:myfunction/invocations"
          },
          "sensitive_attributes": [],
          "private": "bnVsbA==",
          "dependencies": [
            "module.api-lambda-module.aws_api_gateway_authorizer.authorizer",
            "module.api-lambda-module.aws_api_gateway_method.request_method_get_myfunction_put",
            "module.api-lambda-module.aws_api_gateway_resource.proxy1",
            "module.api-lambda-module.aws_api_gateway_rest_api.api",
            "module.api-lambda-module.aws_iam_role.iam_for_lambda_myfunction",
            "module.api-lambda-module.aws_lambda_function.lambda_myfunction",
            "module.api-lambda-module.data.archive_file.lambdamyfunction",
            "module.api-lambda-module.data.aws_iam_policy_document.assume_role_myfunction",
            "module.cognito-module.aws_cognito_user_pool.pool"
          ]
        }
      ]
    },
    {
      "module": "module.api-lambda-module",
      "mode": "managed",
      "type": "aws_api_gateway_integration_response",
      "name": "response_method_integration",
      "provider": "provider[\"registry.terraform.io/hashicorp/aws\"]",
      "instances": [
        {
          "schema_version": 0,
          "attributes": {
            "content_handling": "",
            "http_method": "POST",
            "id": "agir-705zf5qy4e-8w4fmm-POST-200",
            "resource_id": "8w4fmm",
            "response_parameters": {
              "method.response.header.Access-Control-Allow-Origin": "'*'",
              "method.response.header.Access-Control-Allow-headers": "'Access-Control-Allow-Origin, Authorization , Content-Type'"
            },
            "response_templates": {
              "application/json": "#set ($bodyObj = $util.parseJson($input.body))\n#if ($bodyObj.status == \"SUCCEEDED\")\n    $bodyObj.output\n#elseif ($bodyObj.status == \"FAILED\")\n    #set($context.responseOverride.status = 500)\n    {\n        \"cause\": \"$bodyObj.cause\",\n        \"error\": \"$bodyObj.error\"\n    }\n#else\n    #set($context.responseOverride.status = 500)\n    $input.body\n#end\n"
            },
            "rest_api_id": "705zf5qy4e",
            "selection_pattern": "",
            "status_code": "200"
          },
          "sensitive_attributes": [],
          "private": "bnVsbA==",
          "dependencies": [
            "module.api-lambda-module.aws_api_gateway_authorizer.authorizer",
            "module.api-lambda-module.aws_api_gateway_integration.request_method_integration",
            "module.api-lambda-module.aws_api_gateway_method.request_method",
            "module.api-lambda-module.aws_api_gateway_method_response.response_method",
            "module.api-lambda-module.aws_api_gateway_resource.proxy",
            "module.api-lambda-module.aws_api_gateway_rest_api.api",
            "module.api-lambda-module.aws_cloudwatch_log_group.log_group_for_sfn",
            "module.api-lambda-module.aws_iam_role.iam_for_lambda_emailcheck",
            "module.api-lambda-module.aws_iam_role.iam_for_lambda_emailfetch",
            "module.api-lambda-module.aws_iam_role.iam_for_sfn",
            "module.api-lambda-module.aws_iam_role.step_function_role",
            "module.api-lambda-module.aws_lambda_function.lambda_accountrequest",
            "module.api-lambda-module.aws_lambda_function.lambda_email",
            "module.api-lambda-module.aws_lambda_function.lambda_emailfetch",
            "module.api-lambda-module.aws_sfn_state_machine.sfn_state_machine",
            "module.api-lambda-module.data.archive_file.accountrequest",
            "module.api-lambda-module.data.archive_file.lambdaemailcheck",
            "module.api-lambda-module.data.archive_file.lambdaemailfetch",
            "module.api-lambda-module.data.aws_iam_policy_document.assume_role_emailcheck",
            "module.api-lambda-module.data.aws_iam_policy_document.assume_role_emailfetch",
            "module.cognito-module.aws_cognito_user_pool.pool"
          ]
        }
      ]
    },
    {
      "module": "module.api-lambda-module",
      "mode": "managed",
      "type": "aws_api_gateway_integration_response",
      "name": "response_method_integration_get",
      "provider": "provider[\"registry.terraform.io/hashicorp/aws\"]",
      "instances": [
        {
          "schema_version": 0,
          "attributes": {
            "content_handling": "",
            "http_method": "GET",
            "id": "agir-705zf5qy4e-8w4fmm-GET-200",
            "resource_id": "8w4fmm",
            "response_parameters": {
              "method.response.header.Access-Control-Allow-Origin": "'*'",
              "method.response.header.Access-Control-Allow-headers": "'Access-Control-Allow-Origin, Authorization , Content-Type'"
            },
            "response_templates": {
              "application/json": ""
            },
            "rest_api_id": "705zf5qy4e",
            "selection_pattern": "",
            "status_code": "200"
          },
          "sensitive_attributes": [],
          "private": "bnVsbA==",
          "dependencies": [
            "module.api-lambda-module.aws_api_gateway_authorizer.authorizer",
            "module.api-lambda-module.aws_api_gateway_integration.request_method_integration_get",
            "module.api-lambda-module.aws_api_gateway_method.request_method_get",
            "module.api-lambda-module.aws_api_gateway_method_response.response_method_get",
            "module.api-lambda-module.aws_api_gateway_resource.proxy",
            "module.api-lambda-module.aws_api_gateway_rest_api.api",
            "module.api-lambda-module.aws_iam_role.iam_for_lambda_get",
            "module.api-lambda-module.aws_lambda_function.test_lambda1",
            "module.api-lambda-module.data.archive_file.lambda1",
            "module.api-lambda-module.data.aws_iam_policy_document.assume_role_get",
            "module.cognito-module.aws_cognito_user_pool.pool"
          ]
        }
      ]
    },
    {
      "module": "module.api-lambda-module",
      "mode": "managed",
      "type": "aws_api_gateway_integration_response",
      "name": "response_method_integration_get_delete",
      "provider": "provider[\"registry.terraform.io/hashicorp/aws\"]",
      "instances": [
        {
          "schema_version": 0,
          "attributes": {
            "content_handling": "",
            "http_method": "DELETE",
            "id": "agir-705zf5qy4e-avnvtr-DELETE-200",
            "resource_id": "avnvtr",
            "response_parameters": {
              "method.response.header.Access-Control-Allow-Origin": "'*'",
              "method.response.header.Access-Control-Allow-headers": "'Access-Control-Allow-Origin, Authorization , Content-Type'"
            },
            "response_templates": {
              "application/json": ""
            },
            "rest_api_id": "705zf5qy4e",
            "selection_pattern": "",
            "status_code": "200"
          },
          "sensitive_attributes": [],
          "private": "bnVsbA==",
          "dependencies": [
            "module.api-lambda-module.aws_api_gateway_authorizer.authorizer",
            "module.api-lambda-module.aws_api_gateway_integration.request_method_integration_get_delete",
            "module.api-lambda-module.aws_api_gateway_method.request_method_get_delete",
            "module.api-lambda-module.aws_api_gateway_method_response.response_method_get_delete",
            "module.api-lambda-module.aws_api_gateway_resource.proxy1",
            "module.api-lambda-module.aws_api_gateway_resource.proxy2",
            "module.api-lambda-module.aws_api_gateway_rest_api.api",
            "module.api-lambda-module.aws_iam_role.iam_for_lambda_myfunction",
            "module.api-lambda-module.aws_lambda_function.lambda_myfunction",
            "module.api-lambda-module.data.archive_file.lambdamyfunction",
            "module.api-lambda-module.data.aws_iam_policy_document.assume_role_myfunction",
            "module.cognito-module.aws_cognito_user_pool.pool"
          ]
        }
      ]
    },
    {
      "module": "module.api-lambda-module",
      "mode": "managed",
      "type": "aws_api_gateway_integration_response",
      "name": "response_method_integration_get_get_id",
      "provider": "provider[\"registry.terraform.io/hashicorp/aws\"]",
      "instances": [
        {
          "schema_version": 0,
          "attributes": {
            "content_handling": "",
            "http_method": "GET",
            "id": "agir-705zf5qy4e-avnvtr-GET-200",
            "resource_id": "avnvtr",
            "response_parameters": {
              "method.response.header.Access-Control-Allow-Origin": "'*'",
              "method.response.header.Access-Control-Allow-headers": "'Access-Control-Allow-Origin, Authorization , Content-Type'"
            },
            "response_templates": {
              "application/json": ""
            },
            "rest_api_id": "705zf5qy4e",
            "selection_pattern": "",
            "status_code": "200"
          },
          "sensitive_attributes": [],
          "private": "bnVsbA==",
          "dependencies": [
            "module.api-lambda-module.aws_api_gateway_authorizer.authorizer",
            "module.api-lambda-module.aws_api_gateway_integration.request_method_integration_get_get_id",
            "module.api-lambda-module.aws_api_gateway_method.request_method_get_get_id",
            "module.api-lambda-module.aws_api_gateway_method_response.response_method_get_get_id",
            "module.api-lambda-module.aws_api_gateway_resource.proxy1",
            "module.api-lambda-module.aws_api_gateway_resource.proxy2",
            "module.api-lambda-module.aws_api_gateway_rest_api.api",
            "module.api-lambda-module.aws_iam_role.iam_for_lambda_myfunction",
            "module.api-lambda-module.aws_lambda_function.lambda_myfunction",
            "module.api-lambda-module.data.archive_file.lambdamyfunction",
            "module.api-lambda-module.data.aws_iam_policy_document.assume_role_myfunction",
            "module.cognito-module.aws_cognito_user_pool.pool"
          ]
        }
      ]
    },
    {
      "module": "module.api-lambda-module",
      "mode": "managed",
      "type": "aws_api_gateway_integration_response",
      "name": "response_method_integration_get_myfunction",
      "provider": "provider[\"registry.terraform.io/hashicorp/aws\"]",
      "instances": [
        {
          "schema_version": 0,
          "attributes": {
            "content_handling": "",
            "http_method": "GET",
            "id": "agir-705zf5qy4e-gg5fmx-GET-200",
            "resource_id": "gg5fmx",
            "response_parameters": {
              "method.response.header.Access-Control-Allow-Origin": "'*'",
              "method.response.header.Access-Control-Allow-headers": "'Access-Control-Allow-Origin, Authorization , Content-Type'"
            },
            "response_templates": {
              "application/json": ""
            },
            "rest_api_id": "705zf5qy4e",
            "selection_pattern": "",
            "status_code": "200"
          },
          "sensitive_attributes": [],
          "private": "bnVsbA==",
          "dependencies": [
            "module.api-lambda-module.aws_api_gateway_authorizer.authorizer",
            "module.api-lambda-module.aws_api_gateway_integration.request_method_integration_get_myfunction",
            "module.api-lambda-module.aws_api_gateway_method.request_method_get_myfunction",
            "module.api-lambda-module.aws_api_gateway_method_response.response_method_get_myfunction",
            "module.api-lambda-module.aws_api_gateway_resource.proxy1",
            "module.api-lambda-module.aws_api_gateway_rest_api.api",
            "module.api-lambda-module.aws_iam_role.iam_for_lambda_myfunction",
            "module.api-lambda-module.aws_lambda_function.lambda_myfunction",
            "module.api-lambda-module.data.archive_file.lambdamyfunction",
            "module.api-lambda-module.data.aws_iam_policy_document.assume_role_myfunction",
            "module.cognito-module.aws_cognito_user_pool.pool"
          ]
        }
      ]
    },
    {
      "module": "module.api-lambda-module",
      "mode": "managed",
      "type": "aws_api_gateway_integration_response",
      "name": "response_method_integration_get_myfunction_put",
      "provider": "provider[\"registry.terraform.io/hashicorp/aws\"]",
      "instances": [
        {
          "schema_version": 0,
          "attributes": {
            "content_handling": "",
            "http_method": "PUT",
            "id": "agir-705zf5qy4e-gg5fmx-PUT-200",
            "resource_id": "gg5fmx",
            "response_parameters": {
              "method.response.header.Access-Control-Allow-Origin": "'*'",
              "method.response.header.Access-Control-Allow-headers": "'Access-Control-Allow-Origin, Authorization , Content-Type'"
            },
            "response_templates": {
              "application/json": ""
            },
            "rest_api_id": "705zf5qy4e",
            "selection_pattern": "",
            "status_code": "200"
          },
          "sensitive_attributes": [],
          "private": "bnVsbA==",
          "dependencies": [
            "module.api-lambda-module.aws_api_gateway_authorizer.authorizer",
            "module.api-lambda-module.aws_api_gateway_integration.request_method_integration_get_myfunction_put",
            "module.api-lambda-module.aws_api_gateway_method.request_method_get_myfunction_put",
            "module.api-lambda-module.aws_api_gateway_method_response.response_method_get_myfunction_put",
            "module.api-lambda-module.aws_api_gateway_resource.proxy1",
            "module.api-lambda-module.aws_api_gateway_rest_api.api",
            "module.api-lambda-module.aws_iam_role.iam_for_lambda_myfunction",
            "module.api-lambda-module.aws_lambda_function.lambda_myfunction",
            "module.api-lambda-module.data.archive_file.lambdamyfunction",
            "module.api-lambda-module.data.aws_iam_policy_document.assume_role_myfunction",
            "module.cognito-module.aws_cognito_user_pool.pool"
          ]
        }
      ]
    },
    {
      "module": "module.api-lambda-module",
      "mode": "managed",
      "type": "aws_api_gateway_method",
      "name": "request_method",
      "provider": "provider[\"registry.terraform.io/hashicorp/aws\"]",
      "instances": [
        {
          "schema_version": 0,
          "attributes": {
            "api_key_required": false,
            "authorization": "COGNITO_USER_POOLS",
            "authorization_scopes": null,
            "authorizer_id": "k5kjmd",
            "http_method": "POST",
            "id": "agm-705zf5qy4e-8w4fmm-POST",
            "operation_name": null,
            "request_models": null,
            "request_parameters": null,
            "request_validator_id": null,
            "resource_id": "8w4fmm",
            "rest_api_id": "705zf5qy4e"
          },
          "sensitive_attributes": [],
          "private": "bnVsbA==",
          "dependencies": [
            "module.api-lambda-module.aws_api_gateway_authorizer.authorizer",
            "module.api-lambda-module.aws_api_gateway_resource.proxy",
            "module.api-lambda-module.aws_api_gateway_rest_api.api",
            "module.cognito-module.aws_cognito_user_pool.pool"
          ]
        }
      ]
    },
    {
      "module": "module.api-lambda-module",
      "mode": "managed",
      "type": "aws_api_gateway_method",
      "name": "request_method_get",
      "provider": "provider[\"registry.terraform.io/hashicorp/aws\"]",
      "instances": [
        {
          "schema_version": 0,
          "attributes": {
            "api_key_required": false,
            "authorization": "COGNITO_USER_POOLS",
            "authorization_scopes": null,
            "authorizer_id": "k5kjmd",
            "http_method": "GET",
            "id": "agm-705zf5qy4e-8w4fmm-GET",
            "operation_name": null,
            "request_models": null,
            "request_parameters": null,
            "request_validator_id": null,
            "resource_id": "8w4fmm",
            "rest_api_id": "705zf5qy4e"
          },
          "sensitive_attributes": [],
          "private": "bnVsbA==",
          "dependencies": [
            "module.api-lambda-module.aws_api_gateway_authorizer.authorizer",
            "module.api-lambda-module.aws_api_gateway_resource.proxy",
            "module.api-lambda-module.aws_api_gateway_rest_api.api",
            "module.cognito-module.aws_cognito_user_pool.pool"
          ]
        }
      ]
    },
    {
      "module": "module.api-lambda-module",
      "mode": "managed",
      "type": "aws_api_gateway_method",
      "name": "request_method_get_delete",
      "provider": "provider[\"registry.terraform.io/hashicorp/aws\"]",
      "instances": [
        {
          "schema_version": 0,
          "attributes": {
            "api_key_required": false,
            "authorization": "COGNITO_USER_POOLS",
            "authorization_scopes": null,
            "authorizer_id": "k5kjmd",
            "http_method": "DELETE",
            "id": "agm-705zf5qy4e-avnvtr-DELETE",
            "operation_name": null,
            "request_models": null,
            "request_parameters": null,
            "request_validator_id": null,
            "resource_id": "avnvtr",
            "rest_api_id": "705zf5qy4e"
          },
          "sensitive_attributes": [],
          "private": "bnVsbA==",
          "dependencies": [
            "module.api-lambda-module.aws_api_gateway_authorizer.authorizer",
            "module.api-lambda-module.aws_api_gateway_resource.proxy1",
            "module.api-lambda-module.aws_api_gateway_resource.proxy2",
            "module.api-lambda-module.aws_api_gateway_rest_api.api",
            "module.cognito-module.aws_cognito_user_pool.pool"
          ]
        }
      ]
    },
    {
      "module": "module.api-lambda-module",
      "mode": "managed",
      "type": "aws_api_gateway_method",
      "name": "request_method_get_get_id",
      "provider": "provider[\"registry.terraform.io/hashicorp/aws\"]",
      "instances": [
        {
          "schema_version": 0,
          "attributes": {
            "api_key_required": false,
            "authorization": "COGNITO_USER_POOLS",
            "authorization_scopes": null,
            "authorizer_id": "k5kjmd",
            "http_method": "GET",
            "id": "agm-705zf5qy4e-avnvtr-GET",
            "operation_name": null,
            "request_models": null,
            "request_parameters": null,
            "request_validator_id": null,
            "resource_id": "avnvtr",
            "rest_api_id": "705zf5qy4e"
          },
          "sensitive_attributes": [],
          "private": "bnVsbA==",
          "dependencies": [
            "module.api-lambda-module.aws_api_gateway_authorizer.authorizer",
            "module.api-lambda-module.aws_api_gateway_resource.proxy1",
            "module.api-lambda-module.aws_api_gateway_resource.proxy2",
            "module.api-lambda-module.aws_api_gateway_rest_api.api",
            "module.cognito-module.aws_cognito_user_pool.pool"
          ]
        }
      ]
    },
    {
      "module": "module.api-lambda-module",
      "mode": "managed",
      "type": "aws_api_gateway_method",
      "name": "request_method_get_myfunction",
      "provider": "provider[\"registry.terraform.io/hashicorp/aws\"]",
      "instances": [
        {
          "schema_version": 0,
          "attributes": {
            "api_key_required": false,
            "authorization": "COGNITO_USER_POOLS",
            "authorization_scopes": null,
            "authorizer_id": "k5kjmd",
            "http_method": "GET",
            "id": "agm-705zf5qy4e-gg5fmx-GET",
            "operation_name": null,
            "request_models": null,
            "request_parameters": null,
            "request_validator_id": null,
            "resource_id": "gg5fmx",
            "rest_api_id": "705zf5qy4e"
          },
          "sensitive_attributes": [],
          "private": "bnVsbA==",
          "dependencies": [
            "module.api-lambda-module.aws_api_gateway_authorizer.authorizer",
            "module.api-lambda-module.aws_api_gateway_resource.proxy1",
            "module.api-lambda-module.aws_api_gateway_rest_api.api",
            "module.cognito-module.aws_cognito_user_pool.pool"
          ]
        }
      ]
    },
    {
      "module": "module.api-lambda-module",
      "mode": "managed",
      "type": "aws_api_gateway_method",
      "name": "request_method_get_myfunction_put",
      "provider": "provider[\"registry.terraform.io/hashicorp/aws\"]",
      "instances": [
        {
          "schema_version": 0,
          "attributes": {
            "api_key_required": false,
            "authorization": "COGNITO_USER_POOLS",
            "authorization_scopes": null,
            "authorizer_id": "k5kjmd",
            "http_method": "PUT",
            "id": "agm-705zf5qy4e-gg5fmx-PUT",
            "operation_name": null,
            "request_models": null,
            "request_parameters": null,
            "request_validator_id": null,
            "resource_id": "gg5fmx",
            "rest_api_id": "705zf5qy4e"
          },
          "sensitive_attributes": [],
          "private": "bnVsbA==",
          "dependencies": [
            "module.api-lambda-module.aws_api_gateway_authorizer.authorizer",
            "module.api-lambda-module.aws_api_gateway_resource.proxy1",
            "module.api-lambda-module.aws_api_gateway_rest_api.api",
            "module.cognito-module.aws_cognito_user_pool.pool"
          ]
        }
      ]
    },
    {
      "module": "module.api-lambda-module",
      "mode": "managed",
      "type": "aws_api_gateway_method_response",
      "name": "response_method",
      "provider": "provider[\"registry.terraform.io/hashicorp/aws\"]",
      "instances": [
        {
          "schema_version": 0,
          "attributes": {
            "http_method": "POST",
            "id": "agmr-705zf5qy4e-8w4fmm-POST-200",
            "resource_id": "8w4fmm",
            "response_models": {
              "application/json": "Empty"
            },
            "response_parameters": {
              "method.response.header.Access-Control-Allow-Origin": true,
              "method.response.header.Access-Control-Allow-headers": true
            },
            "rest_api_id": "705zf5qy4e",
            "status_code": "200"
          },
          "sensitive_attributes": [],
          "private": "bnVsbA==",
          "dependencies": [
            "module.api-lambda-module.aws_api_gateway_authorizer.authorizer",
            "module.api-lambda-module.aws_api_gateway_integration.request_method_integration",
            "module.api-lambda-module.aws_api_gateway_method.request_method",
            "module.api-lambda-module.aws_api_gateway_resource.proxy",
            "module.api-lambda-module.aws_api_gateway_rest_api.api",
            "module.api-lambda-module.aws_cloudwatch_log_group.log_group_for_sfn",
            "module.api-lambda-module.aws_iam_role.iam_for_lambda_emailcheck",
            "module.api-lambda-module.aws_iam_role.iam_for_lambda_emailfetch",
            "module.api-lambda-module.aws_iam_role.iam_for_sfn",
            "module.api-lambda-module.aws_iam_role.step_function_role",
            "module.api-lambda-module.aws_lambda_function.lambda_accountrequest",
            "module.api-lambda-module.aws_lambda_function.lambda_email",
            "module.api-lambda-module.aws_lambda_function.lambda_emailfetch",
            "module.api-lambda-module.aws_sfn_state_machine.sfn_state_machine",
            "module.api-lambda-module.data.archive_file.accountrequest",
            "module.api-lambda-module.data.archive_file.lambdaemailcheck",
            "module.api-lambda-module.data.archive_file.lambdaemailfetch",
            "module.api-lambda-module.data.aws_iam_policy_document.assume_role_emailcheck",
            "module.api-lambda-module.data.aws_iam_policy_document.assume_role_emailfetch",
            "module.cognito-module.aws_cognito_user_pool.pool"
          ]
        }
      ]
    },
    {
      "module": "module.api-lambda-module",
      "mode": "managed",
      "type": "aws_api_gateway_method_response",
      "name": "response_method_get",
      "provider": "provider[\"registry.terraform.io/hashicorp/aws\"]",
      "instances": [
        {
          "schema_version": 0,
          "attributes": {
            "http_method": "GET",
            "id": "agmr-705zf5qy4e-8w4fmm-GET-200",
            "resource_id": "8w4fmm",
            "response_models": {
              "application/json": "Empty"
            },
            "response_parameters": {
              "method.response.header.Access-Control-Allow-Origin": true,
              "method.response.header.Access-Control-Allow-headers": true
            },
            "rest_api_id": "705zf5qy4e",
            "status_code": "200"
          },
          "sensitive_attributes": [],
          "private": "bnVsbA==",
          "dependencies": [
            "module.api-lambda-module.aws_api_gateway_authorizer.authorizer",
            "module.api-lambda-module.aws_api_gateway_integration.request_method_integration_get",
            "module.api-lambda-module.aws_api_gateway_method.request_method_get",
            "module.api-lambda-module.aws_api_gateway_resource.proxy",
            "module.api-lambda-module.aws_api_gateway_rest_api.api",
            "module.api-lambda-module.aws_iam_role.iam_for_lambda_get",
            "module.api-lambda-module.aws_lambda_function.test_lambda1",
            "module.api-lambda-module.data.archive_file.lambda1",
            "module.api-lambda-module.data.aws_iam_policy_document.assume_role_get",
            "module.cognito-module.aws_cognito_user_pool.pool"
          ]
        }
      ]
    },
    {
      "module": "module.api-lambda-module",
      "mode": "managed",
      "type": "aws_api_gateway_method_response",
      "name": "response_method_get_delete",
      "provider": "provider[\"registry.terraform.io/hashicorp/aws\"]",
      "instances": [
        {
          "schema_version": 0,
          "attributes": {
            "http_method": "DELETE",
            "id": "agmr-705zf5qy4e-avnvtr-DELETE-200",
            "resource_id": "avnvtr",
            "response_models": {
              "application/json": "Empty"
            },
            "response_parameters": {
              "method.response.header.Access-Control-Allow-Origin": true,
              "method.response.header.Access-Control-Allow-headers": true
            },
            "rest_api_id": "705zf5qy4e",
            "status_code": "200"
          },
          "sensitive_attributes": [],
          "private": "bnVsbA==",
          "dependencies": [
            "module.api-lambda-module.aws_api_gateway_authorizer.authorizer",
            "module.api-lambda-module.aws_api_gateway_integration.request_method_integration_get_delete",
            "module.api-lambda-module.aws_api_gateway_method.request_method_get_delete",
            "module.api-lambda-module.aws_api_gateway_resource.proxy1",
            "module.api-lambda-module.aws_api_gateway_resource.proxy2",
            "module.api-lambda-module.aws_api_gateway_rest_api.api",
            "module.api-lambda-module.aws_iam_role.iam_for_lambda_myfunction",
            "module.api-lambda-module.aws_lambda_function.lambda_myfunction",
            "module.api-lambda-module.data.archive_file.lambdamyfunction",
            "module.api-lambda-module.data.aws_iam_policy_document.assume_role_myfunction",
            "module.cognito-module.aws_cognito_user_pool.pool"
          ]
        }
      ]
    },
    {
      "module": "module.api-lambda-module",
      "mode": "managed",
      "type": "aws_api_gateway_method_response",
      "name": "response_method_get_get_id",
      "provider": "provider[\"registry.terraform.io/hashicorp/aws\"]",
      "instances": [
        {
          "schema_version": 0,
          "attributes": {
            "http_method": "GET",
            "id": "agmr-705zf5qy4e-avnvtr-GET-200",
            "resource_id": "avnvtr",
            "response_models": {
              "application/json": "Empty"
            },
            "response_parameters": {
              "method.response.header.Access-Control-Allow-Origin": true,
              "method.response.header.Access-Control-Allow-headers": true
            },
            "rest_api_id": "705zf5qy4e",
            "status_code": "200"
          },
          "sensitive_attributes": [],
          "private": "bnVsbA==",
          "dependencies": [
            "module.api-lambda-module.aws_api_gateway_authorizer.authorizer",
            "module.api-lambda-module.aws_api_gateway_integration.request_method_integration_get_get_id",
            "module.api-lambda-module.aws_api_gateway_method.request_method_get_get_id",
            "module.api-lambda-module.aws_api_gateway_resource.proxy1",
            "module.api-lambda-module.aws_api_gateway_resource.proxy2",
            "module.api-lambda-module.aws_api_gateway_rest_api.api",
            "module.api-lambda-module.aws_iam_role.iam_for_lambda_myfunction",
            "module.api-lambda-module.aws_lambda_function.lambda_myfunction",
            "module.api-lambda-module.data.archive_file.lambdamyfunction",
            "module.api-lambda-module.data.aws_iam_policy_document.assume_role_myfunction",
            "module.cognito-module.aws_cognito_user_pool.pool"
          ]
        }
      ]
    },
    {
      "module": "module.api-lambda-module",
      "mode": "managed",
      "type": "aws_api_gateway_method_response",
      "name": "response_method_get_myfunction",
      "provider": "provider[\"registry.terraform.io/hashicorp/aws\"]",
      "instances": [
        {
          "schema_version": 0,
          "attributes": {
            "http_method": "GET",
            "id": "agmr-705zf5qy4e-gg5fmx-GET-200",
            "resource_id": "gg5fmx",
            "response_models": {
              "application/json": "Empty"
            },
            "response_parameters": {
              "method.response.header.Access-Control-Allow-Origin": true,
              "method.response.header.Access-Control-Allow-headers": true
            },
            "rest_api_id": "705zf5qy4e",
            "status_code": "200"
          },
          "sensitive_attributes": [],
          "private": "bnVsbA==",
          "dependencies": [
            "module.api-lambda-module.aws_api_gateway_authorizer.authorizer",
            "module.api-lambda-module.aws_api_gateway_integration.request_method_integration_get_myfunction",
            "module.api-lambda-module.aws_api_gateway_method.request_method_get_myfunction",
            "module.api-lambda-module.aws_api_gateway_resource.proxy1",
            "module.api-lambda-module.aws_api_gateway_rest_api.api",
            "module.api-lambda-module.aws_iam_role.iam_for_lambda_myfunction",
            "module.api-lambda-module.aws_lambda_function.lambda_myfunction",
            "module.api-lambda-module.data.archive_file.lambdamyfunction",
            "module.api-lambda-module.data.aws_iam_policy_document.assume_role_myfunction",
            "module.cognito-module.aws_cognito_user_pool.pool"
          ]
        }
      ]
    },
    {
      "module": "module.api-lambda-module",
      "mode": "managed",
      "type": "aws_api_gateway_method_response",
      "name": "response_method_get_myfunction_put",
      "provider": "provider[\"registry.terraform.io/hashicorp/aws\"]",
      "instances": [
        {
          "schema_version": 0,
          "attributes": {
            "http_method": "PUT",
            "id": "agmr-705zf5qy4e-gg5fmx-PUT-200",
            "resource_id": "gg5fmx",
            "response_models": {
              "application/json": "Empty"
            },
            "response_parameters": {
              "method.response.header.Access-Control-Allow-Origin": true,
              "method.response.header.Access-Control-Allow-headers": true
            },
            "rest_api_id": "705zf5qy4e",
            "status_code": "200"
          },
          "sensitive_attributes": [],
          "private": "bnVsbA==",
          "dependencies": [
            "module.api-lambda-module.aws_api_gateway_authorizer.authorizer",
            "module.api-lambda-module.aws_api_gateway_integration.request_method_integration_get_myfunction_put",
            "module.api-lambda-module.aws_api_gateway_method.request_method_get_myfunction_put",
            "module.api-lambda-module.aws_api_gateway_resource.proxy1",
            "module.api-lambda-module.aws_api_gateway_rest_api.api",
            "module.api-lambda-module.aws_iam_role.iam_for_lambda_myfunction",
            "module.api-lambda-module.aws_lambda_function.lambda_myfunction",
            "module.api-lambda-module.data.archive_file.lambdamyfunction",
            "module.api-lambda-module.data.aws_iam_policy_document.assume_role_myfunction",
            "module.cognito-module.aws_cognito_user_pool.pool"
          ]
        }
      ]
    },
    {
      "module": "module.api-lambda-module",
      "mode": "managed",
      "type": "aws_api_gateway_resource",
      "name": "proxy",
      "provider": "provider[\"registry.terraform.io/hashicorp/aws\"]",
      "instances": [
        {
          "schema_version": 0,
          "attributes": {
            "id": "8w4fmm",
            "parent_id": "abmxicutth",
            "path": "/account",
            "path_part": "account",
            "rest_api_id": "705zf5qy4e"
          },
          "sensitive_attributes": [],
          "private": "bnVsbA==",
          "dependencies": [
            "module.api-lambda-module.aws_api_gateway_rest_api.api"
          ]
        }
      ]
    },
    {
      "module": "module.api-lambda-module",
      "mode": "managed",
      "type": "aws_api_gateway_resource",
      "name": "proxy1",
      "provider": "provider[\"registry.terraform.io/hashicorp/aws\"]",
      "instances": [
        {
          "schema_version": 0,
          "attributes": {
            "id": "gg5fmx",
            "parent_id": "abmxicutth",
            "path": "/projects",
            "path_part": "projects",
            "rest_api_id": "705zf5qy4e"
          },
          "sensitive_attributes": [],
          "private": "bnVsbA==",
          "dependencies": [
            "module.api-lambda-module.aws_api_gateway_rest_api.api"
          ]
        }
      ]
    },
    {
      "module": "module.api-lambda-module",
      "mode": "managed",
      "type": "aws_api_gateway_resource",
      "name": "proxy2",
      "provider": "provider[\"registry.terraform.io/hashicorp/aws\"]",
      "instances": [
        {
          "schema_version": 0,
          "attributes": {
            "id": "avnvtr",
            "parent_id": "gg5fmx",
            "path": "/projects/{id}",
            "path_part": "{id}",
            "rest_api_id": "705zf5qy4e"
          },
          "sensitive_attributes": [],
          "private": "bnVsbA==",
          "dependencies": [
            "module.api-lambda-module.aws_api_gateway_resource.proxy1",
            "module.api-lambda-module.aws_api_gateway_rest_api.api"
          ]
        }
      ]
    },
    {
      "module": "module.api-lambda-module",
      "mode": "managed",
      "type": "aws_api_gateway_rest_api",
      "name": "api",
      "provider": "provider[\"registry.terraform.io/hashicorp/aws\"]",
      "instances": [
        {
          "schema_version": 0,
          "attributes": {
            "api_key_source": "HEADER",
            "arn": "arn:aws:apigateway:ap-south-1::/restapis/705zf5qy4e",
            "binary_media_types": [],
            "body": null,
            "created_date": "2023-11-13T12:12:58Z",
            "description": "This is my API for demonstration purposes",
            "disable_execute_api_endpoint": false,
            "endpoint_configuration": [
              {
                "types": [
                  "REGIONAL"
                ],
                "vpc_endpoint_ids": []
              }
            ],
            "execution_arn": "arn:aws:execute-api:ap-south-1:060735869845:705zf5qy4e",
            "fail_on_warnings": null,
            "id": "705zf5qy4e",
            "minimum_compression_size": "",
            "name": "ssp-test-api",
            "parameters": null,
            "policy": "",
            "put_rest_api_mode": null,
            "root_resource_id": "abmxicutth",
            "tags": null,
            "tags_all": {}
          },
          "sensitive_attributes": [],
          "private": "bnVsbA=="
        }
      ]
    },
    {
      "module": "module.api-lambda-module",
      "mode": "managed",
      "type": "aws_cloudwatch_log_group",
      "name": "log_group_for_sfn",
      "provider": "provider[\"registry.terraform.io/hashicorp/aws\"]",
      "instances": [
        {
          "schema_version": 0,
          "attributes": {
            "arn": "arn:aws:logs:ap-south-1:060735869845:log-group:/aws/states/ssp-mhpawsfoundation-statemachinelog",
            "id": "/aws/states/ssp-mhpawsfoundation-statemachinelog",
            "kms_key_id": "",
            "name": "/aws/states/ssp-mhpawsfoundation-statemachinelog",
            "name_prefix": "",
            "retention_in_days": 0,
            "skip_destroy": false,
            "tags": null,
            "tags_all": {}
          },
          "sensitive_attributes": [],
          "private": "bnVsbA=="
        }
      ]
    },
    {
      "module": "module.api-lambda-module",
      "mode": "managed",
      "type": "aws_iam_policy",
      "name": "policy_lambda_accountrequest",
      "provider": "provider[\"registry.terraform.io/hashicorp/aws\"]",
      "instances": [
        {
          "schema_version": 0,
          "attributes": {
            "arn": "arn:aws:iam::060735869845:policy/policy_accountrequest_lambda",
            "description": "My test policy",
            "id": "arn:aws:iam::060735869845:policy/policy_accountrequest_lambda",
            "name": "policy_accountrequest_lambda",
            "name_prefix": "",
            "path": "/",
            "policy": "{\"Statement\":[{\"Action\":[\"logs:CreateLogGroup\",\"logs:CreateLogStream\",\"logs:PutLogEvents\"],\"Effect\":\"Allow\",\"Resource\":\"*\"}],\"Version\":\"2012-10-17\"}",
            "policy_id": "ANPAQ4JBD2OKTI5NXMBAX",
            "tags": null,
            "tags_all": {}
          },
          "sensitive_attributes": [],
          "private": "bnVsbA=="
        }
      ]
    },
    {
      "module": "module.api-lambda-module",
      "mode": "managed",
      "type": "aws_iam_policy",
      "name": "policy_lambda_emailcheck",
      "provider": "provider[\"registry.terraform.io/hashicorp/aws\"]",
      "instances": [
        {
          "schema_version": 0,
          "attributes": {
            "arn": "arn:aws:iam::060735869845:policy/policy_emailcheck_lambda",
            "description": "My test policy",
            "id": "arn:aws:iam::060735869845:policy/policy_emailcheck_lambda",
            "name": "policy_emailcheck_lambda",
            "name_prefix": "",
            "path": "/",
            "policy": "{\"Statement\":[{\"Action\":[\"logs:CreateLogGroup\",\"logs:CreateLogStream\",\"logs:PutLogEvents\"],\"Effect\":\"Allow\",\"Resource\":\"*\"}],\"Version\":\"2012-10-17\"}",
            "policy_id": "ANPAQ4JBD2OK5AMHMKS6V",
            "tags": null,
            "tags_all": {}
          },
          "sensitive_attributes": [],
          "private": "bnVsbA=="
        }
      ]
    },
    {
      "module": "module.api-lambda-module",
      "mode": "managed",
      "type": "aws_iam_policy",
      "name": "policy_lambda_emailfetch",
      "provider": "provider[\"registry.terraform.io/hashicorp/aws\"]",
      "instances": [
        {
          "schema_version": 0,
          "attributes": {
            "arn": "arn:aws:iam::060735869845:policy/policy_emailfetch_lambda",
            "description": "My test policy",
            "id": "arn:aws:iam::060735869845:policy/policy_emailfetch_lambda",
            "name": "policy_emailfetch_lambda",
            "name_prefix": "",
            "path": "/",
            "policy": "{\"Statement\":[{\"Action\":[\"logs:CreateLogGroup\",\"logs:CreateLogStream\",\"logs:PutLogEvents\"],\"Effect\":\"Allow\",\"Resource\":\"*\"}],\"Version\":\"2012-10-17\"}",
            "policy_id": "ANPAQ4JBD2OKTYNC2YEKR",
            "tags": null,
            "tags_all": {}
          },
          "sensitive_attributes": [],
          "private": "bnVsbA=="
        }
      ]
    },
    {
      "module": "module.api-lambda-module",
      "mode": "managed",
      "type": "aws_iam_policy",
      "name": "policy_lambda_get",
      "provider": "provider[\"registry.terraform.io/hashicorp/aws\"]",
      "instances": [
        {
          "schema_version": 0,
          "attributes": {
            "arn": "arn:aws:iam::060735869845:policy/policy_get_lambda",
            "description": "My test policy",
            "id": "arn:aws:iam::060735869845:policy/policy_get_lambda",
            "name": "policy_get_lambda",
            "name_prefix": "",
            "path": "/",
            "policy": "{\"Statement\":[{\"Action\":[\"logs:CreateLogGroup\",\"logs:CreateLogStream\",\"logs:PutLogEvents\"],\"Effect\":\"Allow\",\"Resource\":\"*\"}],\"Version\":\"2012-10-17\"}",
            "policy_id": "ANPAQ4JBD2OK4F2CEY77P",
            "tags": null,
            "tags_all": {}
          },
          "sensitive_attributes": [],
          "private": "bnVsbA=="
        }
      ]
    },
    {
      "module": "module.api-lambda-module",
      "mode": "managed",
      "type": "aws_iam_policy",
      "name": "policy_lambda_myfunction",
      "provider": "provider[\"registry.terraform.io/hashicorp/aws\"]",
      "instances": [
        {
          "schema_version": 0,
          "attributes": {
            "arn": "arn:aws:iam::060735869845:policy/policy_myfunction",
            "description": "My test policy",
            "id": "arn:aws:iam::060735869845:policy/policy_myfunction",
            "name": "policy_myfunction",
            "name_prefix": "",
            "path": "/",
            "policy": "{\"Statement\":[{\"Action\":[\"logs:CreateLogGroup\",\"logs:CreateLogStream\",\"logs:PutLogEvents\"],\"Effect\":\"Allow\",\"Resource\":\"*\"}],\"Version\":\"2012-10-17\"}",
            "policy_id": "ANPAQ4JBD2OKTGJTV7JD2",
            "tags": null,
            "tags_all": {}
          },
          "sensitive_attributes": [],
          "private": "bnVsbA=="
        }
      ]
    },
    {
      "module": "module.api-lambda-module",
      "mode": "managed",
      "type": "aws_iam_policy_attachment",
      "name": "dynamodb_policy_emailfetch",
      "provider": "provider[\"registry.terraform.io/hashicorp/aws\"]",
      "instances": [
        {
          "schema_version": 0,
          "attributes": {
            "groups": null,
            "id": "policy_dynamodb_getemailfetch",
            "name": "policy_dynamodb_getemailfetch",
            "policy_arn": "arn:aws:iam::aws:policy/AmazonDynamoDBFullAccess",
            "roles": [
              "role_for_emailfetch_lambda_function"
            ],
            "users": null
          },
          "sensitive_attributes": [],
          "private": "bnVsbA==",
          "dependencies": [
            "module.api-lambda-module.aws_iam_role.iam_for_lambda_emailfetch",
            "module.api-lambda-module.data.aws_iam_policy_document.assume_role_emailfetch"
          ]
        }
      ]
    },
    {
      "module": "module.api-lambda-module",
      "mode": "managed",
      "type": "aws_iam_policy_attachment",
      "name": "dynamodb_policy_get",
      "provider": "provider[\"registry.terraform.io/hashicorp/aws\"]",
      "instances": [
        {
          "schema_version": 0,
          "attributes": {
            "groups": null,
            "id": "policy_dynamodb_get",
            "name": "policy_dynamodb_get",
            "policy_arn": "arn:aws:iam::aws:policy/AmazonDynamoDBFullAccess",
            "roles": [
              "role_for_get_lambda_function"
            ],
            "users": null
          },
          "sensitive_attributes": [],
          "private": "bnVsbA==",
          "dependencies": [
            "module.api-lambda-module.aws_iam_role.iam_for_lambda_get",
            "module.api-lambda-module.data.aws_iam_policy_document.assume_role_get"
          ]
        }
      ]
    },
    {
      "module": "module.api-lambda-module",
      "mode": "managed",
      "type": "aws_iam_policy_attachment",
      "name": "lambda_execution_policy_accountrequest",
      "provider": "provider[\"registry.terraform.io/hashicorp/aws\"]",
      "instances": [
        {
          "schema_version": 0,
          "attributes": {
            "groups": null,
            "id": "lambda_execution_policy_accountrequest",
            "name": "lambda_execution_policy_accountrequest",
            "policy_arn": "arn:aws:iam::060735869845:policy/policy_accountrequest_lambda",
            "roles": [
              "role_for_accountrequest_lambda_function"
            ],
            "users": null
          },
          "sensitive_attributes": [],
          "private": "bnVsbA==",
          "dependencies": [
            "module.api-lambda-module.aws_iam_policy.policy_lambda_accountrequest",
            "module.api-lambda-module.aws_iam_role.iam_for_lambda_accountrequest",
            "module.api-lambda-module.data.aws_iam_policy_document.assume_role_accountrequest"
          ]
        }
      ]
    },
    {
      "module": "module.api-lambda-module",
      "mode": "managed",
      "type": "aws_iam_policy_attachment",
      "name": "lambda_execution_policy_emailcheck",
      "provider": "provider[\"registry.terraform.io/hashicorp/aws\"]",
      "instances": [
        {
          "schema_version": 0,
          "attributes": {
            "groups": null,
            "id": "lambda_execution_policy_emailcheck",
            "name": "lambda_execution_policy_emailcheck",
            "policy_arn": "arn:aws:iam::060735869845:policy/policy_emailcheck_lambda",
            "roles": [
              "role_for_emailcheck_lambda_function"
            ],
            "users": null
          },
          "sensitive_attributes": [],
          "private": "bnVsbA==",
          "dependencies": [
            "module.api-lambda-module.aws_iam_policy.policy_lambda_emailcheck",
            "module.api-lambda-module.aws_iam_role.iam_for_lambda_emailcheck",
            "module.api-lambda-module.data.aws_iam_policy_document.assume_role_emailcheck"
          ]
        }
      ]
    },
    {
      "module": "module.api-lambda-module",
      "mode": "managed",
      "type": "aws_iam_policy_attachment",
      "name": "lambda_execution_policy_emailfetch",
      "provider": "provider[\"registry.terraform.io/hashicorp/aws\"]",
      "instances": [
        {
          "schema_version": 0,
          "attributes": {
            "groups": null,
            "id": "lambda_execution_policy_emailfetch",
            "name": "lambda_execution_policy_emailfetch",
            "policy_arn": "arn:aws:iam::060735869845:policy/policy_emailfetch_lambda",
            "roles": [
              "role_for_emailfetch_lambda_function"
            ],
            "users": null
          },
          "sensitive_attributes": [],
          "private": "bnVsbA==",
          "dependencies": [
            "module.api-lambda-module.aws_iam_policy.policy_lambda_emailfetch",
            "module.api-lambda-module.aws_iam_role.iam_for_lambda_emailfetch",
            "module.api-lambda-module.data.aws_iam_policy_document.assume_role_emailfetch"
          ]
        }
      ]
    },
    {
      "module": "module.api-lambda-module",
      "mode": "managed",
      "type": "aws_iam_policy_attachment",
      "name": "lambda_execution_policy_get",
      "provider": "provider[\"registry.terraform.io/hashicorp/aws\"]",
      "instances": [
        {
          "schema_version": 0,
          "attributes": {
            "groups": null,
            "id": "lambda_execution_policy_get",
            "name": "lambda_execution_policy_get",
            "policy_arn": "arn:aws:iam::060735869845:policy/policy_get_lambda",
            "roles": [
              "role_for_get_lambda_function"
            ],
            "users": null
          },
          "sensitive_attributes": [],
          "private": "bnVsbA==",
          "dependencies": [
            "module.api-lambda-module.aws_iam_policy.policy_lambda_get",
            "module.api-lambda-module.aws_iam_role.iam_for_lambda_get",
            "module.api-lambda-module.data.aws_iam_policy_document.assume_role_get"
          ]
        }
      ]
    },
    {
      "module": "module.api-lambda-module",
      "mode": "managed",
      "type": "aws_iam_policy_attachment",
      "name": "lambda_execution_policy_myfunction",
      "provider": "provider[\"registry.terraform.io/hashicorp/aws\"]",
      "instances": [
        {
          "schema_version": 0,
          "attributes": {
            "groups": null,
            "id": "lambda_execution_policy_myfunction",
            "name": "lambda_execution_policy_myfunction",
            "policy_arn": "arn:aws:iam::060735869845:policy/policy_myfunction",
            "roles": [
              "role_for_myfunction"
            ],
            "users": null
          },
          "sensitive_attributes": [],
          "private": "bnVsbA==",
          "dependencies": [
            "module.api-lambda-module.aws_iam_policy.policy_lambda_myfunction",
            "module.api-lambda-module.aws_iam_role.iam_for_lambda_myfunction",
            "module.api-lambda-module.data.aws_iam_policy_document.assume_role_myfunction"
          ]
        }
      ]
    },
    {
      "module": "module.api-lambda-module",
      "mode": "managed",
      "type": "aws_iam_policy_attachment",
      "name": "step_function_attachment_asf",
      "provider": "provider[\"registry.terraform.io/hashicorp/aws\"]",
      "instances": [
        {
          "schema_version": 0,
          "attributes": {
            "groups": null,
            "id": "step-function-attachment_asf",
            "name": "step-function-attachment_asf",
            "policy_arn": "arn:aws:iam::aws:policy/AWSStepFunctionsFullAccess",
            "roles": [
              "APIGatewayToStepFunctions"
            ],
            "users": null
          },
          "sensitive_attributes": [],
          "private": "bnVsbA==",
          "dependencies": [
            "module.api-lambda-module.aws_iam_role.step_function_role"
          ]
        }
      ]
    },
    {
      "module": "module.api-lambda-module",
      "mode": "managed",
      "type": "aws_iam_policy_attachment",
      "name": "step_function_attachment_cl",
      "provider": "provider[\"registry.terraform.io/hashicorp/aws\"]",
      "instances": [
        {
          "schema_version": 0,
          "attributes": {
            "groups": null,
            "id": "step-function-attachment_cloudlogs",
            "name": "step-function-attachment_cloudlogs",
            "policy_arn": "arn:aws:iam::aws:policy/service-role/AmazonAPIGatewayPushToCloudWatchLogs",
            "roles": [
              "APIGatewayToStepFunctions"
            ],
            "users": null
          },
          "sensitive_attributes": [],
          "private": "bnVsbA==",
          "dependencies": [
            "module.api-lambda-module.aws_iam_role.step_function_role"
          ]
        }
      ]
    },
    {
      "module": "module.api-lambda-module",
      "mode": "managed",
      "type": "aws_iam_role",
      "name": "iam_for_lambda_accountrequest",
      "provider": "provider[\"registry.terraform.io/hashicorp/aws\"]",
      "instances": [
        {
          "schema_version": 0,
          "attributes": {
            "arn": "arn:aws:iam::060735869845:role/role_for_accountrequest_lambda_function",
            "assume_role_policy": "{\"Statement\":[{\"Action\":\"sts:AssumeRole\",\"Effect\":\"Allow\",\"Principal\":{\"Service\":\"lambda.amazonaws.com\"}}],\"Version\":\"2012-10-17\"}",
            "create_date": "2023-11-13T12:12:57Z",
            "description": "",
            "force_detach_policies": false,
            "id": "role_for_accountrequest_lambda_function",
            "inline_policy": [],
            "managed_policy_arns": [],
            "max_session_duration": 3600,
            "name": "role_for_accountrequest_lambda_function",
            "name_prefix": "",
            "path": "/",
            "permissions_boundary": "",
            "tags": null,
            "tags_all": {},
            "unique_id": "AROAQ4JBD2OKUIXJKW6RB"
          },
          "sensitive_attributes": [],
          "private": "bnVsbA==",
          "dependencies": [
            "module.api-lambda-module.data.aws_iam_policy_document.assume_role_accountrequest"
          ]
        }
      ]
    },
    {
      "module": "module.api-lambda-module",
      "mode": "managed",
      "type": "aws_iam_role",
      "name": "iam_for_lambda_emailcheck",
      "provider": "provider[\"registry.terraform.io/hashicorp/aws\"]",
      "instances": [
        {
          "schema_version": 0,
          "attributes": {
            "arn": "arn:aws:iam::060735869845:role/role_for_emailcheck_lambda_function",
            "assume_role_policy": "{\"Statement\":[{\"Action\":\"sts:AssumeRole\",\"Effect\":\"Allow\",\"Principal\":{\"Service\":\"lambda.amazonaws.com\"}}],\"Version\":\"2012-10-17\"}",
            "create_date": "2023-11-13T12:12:56Z",
            "description": "",
            "force_detach_policies": false,
            "id": "role_for_emailcheck_lambda_function",
            "inline_policy": [],
            "managed_policy_arns": [],
            "max_session_duration": 3600,
            "name": "role_for_emailcheck_lambda_function",
            "name_prefix": "",
            "path": "/",
            "permissions_boundary": "",
            "tags": null,
            "tags_all": {},
            "unique_id": "AROAQ4JBD2OKT4HIOE3BV"
          },
          "sensitive_attributes": [],
          "private": "bnVsbA==",
          "dependencies": [
            "module.api-lambda-module.data.aws_iam_policy_document.assume_role_emailcheck"
          ]
        }
      ]
    },
    {
      "module": "module.api-lambda-module",
      "mode": "managed",
      "type": "aws_iam_role",
      "name": "iam_for_lambda_emailfetch",
      "provider": "provider[\"registry.terraform.io/hashicorp/aws\"]",
      "instances": [
        {
          "schema_version": 0,
          "attributes": {
            "arn": "arn:aws:iam::060735869845:role/role_for_emailfetch_lambda_function",
            "assume_role_policy": "{\"Statement\":[{\"Action\":\"sts:AssumeRole\",\"Effect\":\"Allow\",\"Principal\":{\"Service\":\"lambda.amazonaws.com\"}}],\"Version\":\"2012-10-17\"}",
            "create_date": "2023-11-13T12:12:56Z",
            "description": "",
            "force_detach_policies": false,
            "id": "role_for_emailfetch_lambda_function",
            "inline_policy": [],
            "managed_policy_arns": [],
            "max_session_duration": 3600,
            "name": "role_for_emailfetch_lambda_function",
            "name_prefix": "",
            "path": "/",
            "permissions_boundary": "",
            "tags": null,
            "tags_all": {},
            "unique_id": "AROAQ4JBD2OKUPKJOVGD6"
          },
          "sensitive_attributes": [],
          "private": "bnVsbA==",
          "dependencies": [
            "module.api-lambda-module.data.aws_iam_policy_document.assume_role_emailfetch"
          ]
        }
      ]
    },
    {
      "module": "module.api-lambda-module",
      "mode": "managed",
      "type": "aws_iam_role",
      "name": "iam_for_lambda_get",
      "provider": "provider[\"registry.terraform.io/hashicorp/aws\"]",
      "instances": [
        {
          "schema_version": 0,
          "attributes": {
            "arn": "arn:aws:iam::060735869845:role/role_for_get_lambda_function",
            "assume_role_policy": "{\"Statement\":[{\"Action\":\"sts:AssumeRole\",\"Effect\":\"Allow\",\"Principal\":{\"Service\":\"lambda.amazonaws.com\"}}],\"Version\":\"2012-10-17\"}",
            "create_date": "2023-11-13T12:12:57Z",
            "description": "",
            "force_detach_policies": false,
            "id": "role_for_get_lambda_function",
            "inline_policy": [],
            "managed_policy_arns": [],
            "max_session_duration": 3600,
            "name": "role_for_get_lambda_function",
            "name_prefix": "",
            "path": "/",
            "permissions_boundary": "",
            "tags": null,
            "tags_all": {},
            "unique_id": "AROAQ4JBD2OKQ63X374GV"
          },
          "sensitive_attributes": [],
          "private": "bnVsbA==",
          "dependencies": [
            "module.api-lambda-module.data.aws_iam_policy_document.assume_role_get"
          ]
        }
      ]
    },
    {
      "module": "module.api-lambda-module",
      "mode": "managed",
      "type": "aws_iam_role",
      "name": "iam_for_lambda_myfunction",
      "provider": "provider[\"registry.terraform.io/hashicorp/aws\"]",
      "instances": [
        {
          "schema_version": 0,
          "attributes": {
            "arn": "arn:aws:iam::060735869845:role/role_for_myfunction",
            "assume_role_policy": "{\"Statement\":[{\"Action\":\"sts:AssumeRole\",\"Effect\":\"Allow\",\"Principal\":{\"Service\":\"lambda.amazonaws.com\"}}],\"Version\":\"2012-10-17\"}",
            "create_date": "2023-11-13T12:12:57Z",
            "description": "",
            "force_detach_policies": false,
            "id": "role_for_myfunction",
            "inline_policy": [],
            "managed_policy_arns": [],
            "max_session_duration": 3600,
            "name": "role_for_myfunction",
            "name_prefix": "",
            "path": "/",
            "permissions_boundary": "",
            "tags": null,
            "tags_all": {},
            "unique_id": "AROAQ4JBD2OKYJPVXEC74"
          },
          "sensitive_attributes": [],
          "private": "bnVsbA==",
          "dependencies": [
            "module.api-lambda-module.data.aws_iam_policy_document.assume_role_myfunction"
          ]
        }
      ]
    },
    {
      "module": "module.api-lambda-module",
      "mode": "managed",
      "type": "aws_iam_role",
      "name": "iam_for_sfn",
      "provider": "provider[\"registry.terraform.io/hashicorp/aws\"]",
      "instances": [
        {
          "schema_version": 0,
          "attributes": {
            "arn": "arn:aws:iam::060735869845:role/stepFunctionSampleStepFunctionExecutionIAM",
            "assume_role_policy": "{\"Statement\":[{\"Action\":\"sts:AssumeRole\",\"Effect\":\"Allow\",\"Principal\":{\"Service\":\"states.amazonaws.com\"}}],\"Version\":\"2012-10-17\"}",
            "create_date": "2023-11-13T12:12:57Z",
            "description": "",
            "force_detach_policies": false,
            "id": "stepFunctionSampleStepFunctionExecutionIAM",
            "inline_policy": [],
            "managed_policy_arns": [],
            "max_session_duration": 3600,
            "name": "stepFunctionSampleStepFunctionExecutionIAM",
            "name_prefix": "",
            "path": "/",
            "permissions_boundary": "",
            "tags": null,
            "tags_all": {},
            "unique_id": "AROAQ4JBD2OKUI4JQAEKP"
          },
          "sensitive_attributes": [],
          "private": "bnVsbA=="
        }
      ]
    },
    {
      "module": "module.api-lambda-module",
      "mode": "managed",
      "type": "aws_iam_role",
      "name": "step_function_role",
      "provider": "provider[\"registry.terraform.io/hashicorp/aws\"]",
      "instances": [
        {
          "schema_version": 0,
          "attributes": {
            "arn": "arn:aws:iam::060735869845:role/APIGatewayToStepFunctions",
            "assume_role_policy": "{\"Statement\":[{\"Action\":\"sts:AssumeRole\",\"Effect\":\"Allow\",\"Principal\":{\"Service\":\"apigateway.amazonaws.com\"}}],\"Version\":\"2012-10-17\"}",
            "create_date": "2023-11-13T12:12:56Z",
            "description": "",
            "force_detach_policies": false,
            "id": "APIGatewayToStepFunctions",
            "inline_policy": [],
            "managed_policy_arns": [],
            "max_session_duration": 3600,
            "name": "APIGatewayToStepFunctions",
            "name_prefix": "",
            "path": "/",
            "permissions_boundary": "",
            "tags": null,
            "tags_all": {},
            "unique_id": "AROAQ4JBD2OKZT2G2RLDZ"
          },
          "sensitive_attributes": [],
          "private": "bnVsbA=="
        }
      ]
    },
    {
      "module": "module.api-lambda-module",
      "mode": "managed",
      "type": "aws_iam_role_policy_attachment",
      "name": "iam_for_sfn_attach_policy_cloudwatchlogs",
      "provider": "provider[\"registry.terraform.io/hashicorp/aws\"]",
      "instances": [
        {
          "schema_version": 0,
          "attributes": {
            "id": "stepFunctionSampleStepFunctionExecutionIAM-20231113121300178800000003",
            "policy_arn": "arn:aws:iam::aws:policy/CloudWatchLogsFullAccess",
            "role": "stepFunctionSampleStepFunctionExecutionIAM"
          },
          "sensitive_attributes": [],
          "private": "bnVsbA==",
          "dependencies": [
            "module.api-lambda-module.aws_iam_role.iam_for_sfn"
          ]
        }
      ]
    },
    {
      "module": "module.api-lambda-module",
      "mode": "managed",
      "type": "aws_iam_role_policy_attachment",
      "name": "iam_for_sfn_attach_policy_invoke_lambda",
      "provider": "provider[\"registry.terraform.io/hashicorp/aws\"]",
      "instances": [
        {
          "schema_version": 0,
          "attributes": {
            "id": "stepFunctionSampleStepFunctionExecutionIAM-20231113121300167500000002",
            "policy_arn": "arn:aws:iam::aws:policy/AWSLambda_FullAccess",
            "role": "stepFunctionSampleStepFunctionExecutionIAM"
          },
          "sensitive_attributes": [],
          "private": "bnVsbA==",
          "dependencies": [
            "module.api-lambda-module.aws_iam_role.iam_for_sfn"
          ]
        }
      ]
    },
    {
      "module": "module.api-lambda-module",
      "mode": "managed",
      "type": "aws_iam_role_policy_attachment",
      "name": "iam_for_sfn_attach_policy_publish_sns",
      "provider": "provider[\"registry.terraform.io/hashicorp/aws\"]",
      "instances": [
        {
          "schema_version": 0,
          "attributes": {
            "id": "stepFunctionSampleStepFunctionExecutionIAM-20231113121259881200000001",
            "policy_arn": "arn:aws:iam::aws:policy/AmazonSNSFullAccess",
            "role": "stepFunctionSampleStepFunctionExecutionIAM"
          },
          "sensitive_attributes": [],
          "private": "bnVsbA==",
          "dependencies": [
            "module.api-lambda-module.aws_iam_role.iam_for_sfn"
          ]
        }
      ]
    },
    {
      "module": "module.api-lambda-module",
      "mode": "managed",
      "type": "aws_lambda_function",
      "name": "lambda_accountrequest",
      "provider": "provider[\"registry.terraform.io/hashicorp/aws\"]",
      "instances": [
        {
          "schema_version": 0,
          "attributes": {
            "architectures": [
              "x86_64"
            ],
            "arn": "arn:aws:lambda:ap-south-1:060735869845:function:ssp-mhpawsfoundation-accountrequest",
            "code_signing_config_arn": "",
            "dead_letter_config": [],
            "description": "",
            "environment": [],
            "ephemeral_storage": [
              {
                "size": 512
              }
            ],
            "file_system_config": [],
            "filename": "accountrequest.zip",
            "function_name": "ssp-mhpawsfoundation-accountrequest",
            "handler": "accountrequest_lambda_function.lambda_handler",
            "id": "ssp-mhpawsfoundation-accountrequest",
            "image_config": [],
            "image_uri": "",
            "invoke_arn": "arn:aws:apigateway:ap-south-1:lambda:path/2015-03-31/functions/arn:aws:lambda:ap-south-1:060735869845:function:ssp-mhpawsfoundation-accountrequest/invocations",
            "kms_key_arn": "",
            "last_modified": "2023-11-13T12:13:06.011+0000",
            "layers": null,
            "memory_size": 128,
            "package_type": "Zip",
            "publish": false,
            "qualified_arn": "arn:aws:lambda:ap-south-1:060735869845:function:ssp-mhpawsfoundation-accountrequest:$LATEST",
            "qualified_invoke_arn": "arn:aws:apigateway:ap-south-1:lambda:path/2015-03-31/functions/arn:aws:lambda:ap-south-1:060735869845:function:ssp-mhpawsfoundation-accountrequest:$LATEST/invocations",
            "replace_security_groups_on_destroy": null,
            "replacement_security_group_ids": null,
            "reserved_concurrent_executions": -1,
            "role": "arn:aws:iam::060735869845:role/role_for_emailfetch_lambda_function",
            "runtime": "python3.7",
            "s3_bucket": null,
            "s3_key": null,
            "s3_object_version": null,
            "signing_job_arn": "",
            "signing_profile_version_arn": "",
            "skip_destroy": false,
            "snap_start": [],
            "source_code_hash": "kZkIFlV493k/SxfodKC/T/VbXZNEQBe0poPsorGK4RM=",
            "source_code_size": 2551,
            "tags": null,
            "tags_all": {},
            "timeout": 3,
            "timeouts": null,
            "tracing_config": [
              {
                "mode": "PassThrough"
              }
            ],
            "version": "$LATEST",
            "vpc_config": []
          },
          "sensitive_attributes": [],
          "private": "eyJlMmJmYjczMC1lY2FhLTExZTYtOGY4OC0zNDM2M2JjN2M0YzAiOnsiY3JlYXRlIjo2MDAwMDAwMDAwMDAsImRlbGV0ZSI6NjAwMDAwMDAwMDAwLCJ1cGRhdGUiOjYwMDAwMDAwMDAwMH19",
          "dependencies": [
            "module.api-lambda-module.aws_iam_role.iam_for_lambda_emailfetch",
            "module.api-lambda-module.data.archive_file.accountrequest",
            "module.api-lambda-module.data.aws_iam_policy_document.assume_role_emailfetch"
          ]
        }
      ]
    },
    {
      "module": "module.api-lambda-module",
      "mode": "managed",
      "type": "aws_lambda_function",
      "name": "lambda_email",
      "provider": "provider[\"registry.terraform.io/hashicorp/aws\"]",
      "instances": [
        {
          "schema_version": 0,
          "attributes": {
            "architectures": [
              "x86_64"
            ],
            "arn": "arn:aws:lambda:ap-south-1:060735869845:function:ssp-mhpawsfoundation-emailcheck",
            "code_signing_config_arn": "",
            "dead_letter_config": [],
            "description": "",
            "environment": [],
            "ephemeral_storage": [
              {
                "size": 512
              }
            ],
            "file_system_config": [],
            "filename": "emailcheck.zip",
            "function_name": "ssp-mhpawsfoundation-emailcheck",
            "handler": "emailcheck_lambda_function.lambda_handler",
            "id": "ssp-mhpawsfoundation-emailcheck",
            "image_config": [],
            "image_uri": "",
            "invoke_arn": "arn:aws:apigateway:ap-south-1:lambda:path/2015-03-31/functions/arn:aws:lambda:ap-south-1:060735869845:function:ssp-mhpawsfoundation-emailcheck/invocations",
            "kms_key_arn": "",
            "last_modified": "2023-11-13T12:13:16.570+0000",
            "layers": null,
            "memory_size": 128,
            "package_type": "Zip",
            "publish": false,
            "qualified_arn": "arn:aws:lambda:ap-south-1:060735869845:function:ssp-mhpawsfoundation-emailcheck:$LATEST",
            "qualified_invoke_arn": "arn:aws:apigateway:ap-south-1:lambda:path/2015-03-31/functions/arn:aws:lambda:ap-south-1:060735869845:function:ssp-mhpawsfoundation-emailcheck:$LATEST/invocations",
            "replace_security_groups_on_destroy": null,
            "replacement_security_group_ids": null,
            "reserved_concurrent_executions": -1,
            "role": "arn:aws:iam::060735869845:role/role_for_emailcheck_lambda_function",
            "runtime": "python3.7",
            "s3_bucket": null,
            "s3_key": null,
            "s3_object_version": null,
            "signing_job_arn": "",
            "signing_profile_version_arn": "",
            "skip_destroy": false,
            "snap_start": [],
            "source_code_hash": "3skaDrxMlAFFn+2hIT9MDdGIL85CIefO+P6xbd6ZflM=",
            "source_code_size": 406,
            "tags": null,
            "tags_all": {},
            "timeout": 3,
            "timeouts": null,
            "tracing_config": [
              {
                "mode": "PassThrough"
              }
            ],
            "version": "$LATEST",
            "vpc_config": []
          },
          "sensitive_attributes": [],
          "private": "eyJlMmJmYjczMC1lY2FhLTExZTYtOGY4OC0zNDM2M2JjN2M0YzAiOnsiY3JlYXRlIjo2MDAwMDAwMDAwMDAsImRlbGV0ZSI6NjAwMDAwMDAwMDAwLCJ1cGRhdGUiOjYwMDAwMDAwMDAwMH19",
          "dependencies": [
            "module.api-lambda-module.aws_iam_role.iam_for_lambda_emailcheck",
            "module.api-lambda-module.data.archive_file.lambdaemailcheck",
            "module.api-lambda-module.data.aws_iam_policy_document.assume_role_emailcheck"
          ]
        }
      ]
    },
    {
      "module": "module.api-lambda-module",
      "mode": "managed",
      "type": "aws_lambda_function",
      "name": "lambda_emailfetch",
      "provider": "provider[\"registry.terraform.io/hashicorp/aws\"]",
      "instances": [
        {
          "schema_version": 0,
          "attributes": {
            "architectures": [
              "x86_64"
            ],
            "arn": "arn:aws:lambda:ap-south-1:060735869845:function:ssp-mhpawsfoundation-fetchemail",
            "code_signing_config_arn": "",
            "dead_letter_config": [],
            "description": "",
            "environment": [],
            "ephemeral_storage": [
              {
                "size": 512
              }
            ],
            "file_system_config": [],
            "filename": "emailfetch.zip",
            "function_name": "ssp-mhpawsfoundation-fetchemail",
            "handler": "emailfetch_lambda_function.lambda_handler",
            "id": "ssp-mhpawsfoundation-fetchemail",
            "image_config": [],
            "image_uri": "",
            "invoke_arn": "arn:aws:apigateway:ap-south-1:lambda:path/2015-03-31/functions/arn:aws:lambda:ap-south-1:060735869845:function:ssp-mhpawsfoundation-fetchemail/invocations",
            "kms_key_arn": "",
            "last_modified": "2023-11-13T12:13:11.329+0000",
            "layers": null,
            "memory_size": 128,
            "package_type": "Zip",
            "publish": false,
            "qualified_arn": "arn:aws:lambda:ap-south-1:060735869845:function:ssp-mhpawsfoundation-fetchemail:$LATEST",
            "qualified_invoke_arn": "arn:aws:apigateway:ap-south-1:lambda:path/2015-03-31/functions/arn:aws:lambda:ap-south-1:060735869845:function:ssp-mhpawsfoundation-fetchemail:$LATEST/invocations",
            "replace_security_groups_on_destroy": null,
            "replacement_security_group_ids": null,
            "reserved_concurrent_executions": -1,
            "role": "arn:aws:iam::060735869845:role/role_for_emailfetch_lambda_function",
            "runtime": "python3.7",
            "s3_bucket": null,
            "s3_key": null,
            "s3_object_version": null,
            "signing_job_arn": "",
            "signing_profile_version_arn": "",
            "skip_destroy": false,
            "snap_start": [],
            "source_code_hash": "EkcMGOuHBa4lwLHRPR9/AT1UgsbgtCfBZBB+UDWq1oM=",
            "source_code_size": 750,
            "tags": null,
            "tags_all": {},
            "timeout": 3,
            "timeouts": null,
            "tracing_config": [
              {
                "mode": "PassThrough"
              }
            ],
            "version": "$LATEST",
            "vpc_config": []
          },
          "sensitive_attributes": [],
          "private": "eyJlMmJmYjczMC1lY2FhLTExZTYtOGY4OC0zNDM2M2JjN2M0YzAiOnsiY3JlYXRlIjo2MDAwMDAwMDAwMDAsImRlbGV0ZSI6NjAwMDAwMDAwMDAwLCJ1cGRhdGUiOjYwMDAwMDAwMDAwMH19",
          "dependencies": [
            "module.api-lambda-module.aws_iam_role.iam_for_lambda_emailfetch",
            "module.api-lambda-module.data.archive_file.lambdaemailfetch",
            "module.api-lambda-module.data.aws_iam_policy_document.assume_role_emailfetch"
          ]
        }
      ]
    },
    {
      "module": "module.api-lambda-module",
      "mode": "managed",
      "type": "aws_lambda_function",
      "name": "lambda_myfunction",
      "provider": "provider[\"registry.terraform.io/hashicorp/aws\"]",
      "instances": [
        {
          "schema_version": 0,
          "attributes": {
            "architectures": [
              "x86_64"
            ],
            "arn": "arn:aws:lambda:ap-south-1:060735869845:function:myfunction",
            "code_signing_config_arn": "",
            "dead_letter_config": [],
            "description": "",
            "environment": [],
            "ephemeral_storage": [
              {
                "size": 512
              }
            ],
            "file_system_config": [],
            "filename": "myfunction.zip",
            "function_name": "myfunction",
            "handler": "myfunction.lambda_handler",
            "id": "myfunction",
            "image_config": [],
            "image_uri": "",
            "invoke_arn": "arn:aws:apigateway:ap-south-1:lambda:path/2015-03-31/functions/arn:aws:lambda:ap-south-1:060735869845:function:myfunction/invocations",
            "kms_key_arn": "",
            "last_modified": "2023-11-13T12:13:27.116+0000",
            "layers": null,
            "memory_size": 128,
            "package_type": "Zip",
            "publish": false,
            "qualified_arn": "arn:aws:lambda:ap-south-1:060735869845:function:myfunction:$LATEST",
            "qualified_invoke_arn": "arn:aws:apigateway:ap-south-1:lambda:path/2015-03-31/functions/arn:aws:lambda:ap-south-1:060735869845:function:myfunction:$LATEST/invocations",
            "replace_security_groups_on_destroy": null,
            "replacement_security_group_ids": null,
            "reserved_concurrent_executions": -1,
            "role": "arn:aws:iam::060735869845:role/role_for_myfunction",
            "runtime": "python3.7",
            "s3_bucket": null,
            "s3_key": null,
            "s3_object_version": null,
            "signing_job_arn": "",
            "signing_profile_version_arn": "",
            "skip_destroy": false,
            "snap_start": [],
            "source_code_hash": "sbINpnStke0K2cYslGQ9naBYs58E/WOCpSnfIB8u2ac=",
            "source_code_size": 813,
            "tags": null,
            "tags_all": {},
            "timeout": 3,
            "timeouts": null,
            "tracing_config": [
              {
                "mode": "PassThrough"
              }
            ],
            "version": "$LATEST",
            "vpc_config": []
          },
          "sensitive_attributes": [],
          "private": "eyJlMmJmYjczMC1lY2FhLTExZTYtOGY4OC0zNDM2M2JjN2M0YzAiOnsiY3JlYXRlIjo2MDAwMDAwMDAwMDAsImRlbGV0ZSI6NjAwMDAwMDAwMDAwLCJ1cGRhdGUiOjYwMDAwMDAwMDAwMH19",
          "dependencies": [
            "module.api-lambda-module.aws_iam_role.iam_for_lambda_myfunction",
            "module.api-lambda-module.data.archive_file.lambdamyfunction",
            "module.api-lambda-module.data.aws_iam_policy_document.assume_role_myfunction"
          ]
        }
      ]
    },
    {
      "module": "module.api-lambda-module",
      "mode": "managed",
      "type": "aws_lambda_function",
      "name": "test_lambda1",
      "provider": "provider[\"registry.terraform.io/hashicorp/aws\"]",
      "instances": [
        {
          "schema_version": 0,
          "attributes": {
            "architectures": [
              "x86_64"
            ],
            "arn": "arn:aws:lambda:ap-south-1:060735869845:function:get_lambda_function",
            "code_signing_config_arn": "",
            "dead_letter_config": [],
            "description": "",
            "environment": [],
            "ephemeral_storage": [
              {
                "size": 512
              }
            ],
            "file_system_config": [],
            "filename": "lambda1.zip",
            "function_name": "get_lambda_function",
            "handler": "get_lambda_function.lambda_handler",
            "id": "get_lambda_function",
            "image_config": [],
            "image_uri": "",
            "invoke_arn": "arn:aws:apigateway:ap-south-1:lambda:path/2015-03-31/functions/arn:aws:lambda:ap-south-1:060735869845:function:get_lambda_function/invocations",
            "kms_key_arn": "",
            "last_modified": "2023-11-13T12:13:32.356+0000",
            "layers": null,
            "memory_size": 128,
            "package_type": "Zip",
            "publish": false,
            "qualified_arn": "arn:aws:lambda:ap-south-1:060735869845:function:get_lambda_function:$LATEST",
            "qualified_invoke_arn": "arn:aws:apigateway:ap-south-1:lambda:path/2015-03-31/functions/arn:aws:lambda:ap-south-1:060735869845:function:get_lambda_function:$LATEST/invocations",
            "replace_security_groups_on_destroy": null,
            "replacement_security_group_ids": null,
            "reserved_concurrent_executions": -1,
            "role": "arn:aws:iam::060735869845:role/role_for_get_lambda_function",
            "runtime": "python3.7",
            "s3_bucket": null,
            "s3_key": null,
            "s3_object_version": null,
            "signing_job_arn": "",
            "signing_profile_version_arn": "",
            "skip_destroy": false,
            "snap_start": [],
            "source_code_hash": "8Wmy95q/t7pRC1UWS9POf0/5JopWwEBuRK27wMb3lhM=",
            "source_code_size": 574,
            "tags": null,
            "tags_all": {},
            "timeout": 3,
            "timeouts": null,
            "tracing_config": [
              {
                "mode": "PassThrough"
              }
            ],
            "version": "$LATEST",
            "vpc_config": []
          },
          "sensitive_attributes": [],
          "private": "eyJlMmJmYjczMC1lY2FhLTExZTYtOGY4OC0zNDM2M2JjN2M0YzAiOnsiY3JlYXRlIjo2MDAwMDAwMDAwMDAsImRlbGV0ZSI6NjAwMDAwMDAwMDAwLCJ1cGRhdGUiOjYwMDAwMDAwMDAwMH19",
          "dependencies": [
            "module.api-lambda-module.aws_iam_role.iam_for_lambda_get",
            "module.api-lambda-module.data.archive_file.lambda1",
            "module.api-lambda-module.data.aws_iam_policy_document.assume_role_get"
          ]
        }
      ]
    },
    {
      "module": "module.api-lambda-module",
      "mode": "managed",
      "type": "aws_lambda_permission",
      "name": "allow_api_gateway_get",
      "provider": "provider[\"registry.terraform.io/hashicorp/aws\"]",
      "instances": [
        {
          "schema_version": 0,
          "attributes": {
            "action": "lambda:InvokeFunction",
            "event_source_token": null,
            "function_name": "get_lambda_function",
            "function_url_auth_type": null,
            "id": "AllowExecutionFromApiGateway",
            "principal": "apigateway.amazonaws.com",
            "principal_org_id": null,
            "qualifier": "",
            "source_account": null,
            "source_arn": "arn:aws:execute-api:ap-south-1:060735869845:705zf5qy4e/*/GET/account",
            "statement_id": "AllowExecutionFromApiGateway",
            "statement_id_prefix": ""
          },
          "sensitive_attributes": [],
          "private": "bnVsbA==",
          "dependencies": [
            "module.api-lambda-module.aws_api_gateway_resource.proxy",
            "module.api-lambda-module.aws_api_gateway_rest_api.api",
            "module.api-lambda-module.aws_iam_role.iam_for_lambda_get",
            "module.api-lambda-module.aws_lambda_function.test_lambda1",
            "module.api-lambda-module.data.archive_file.lambda1",
            "module.api-lambda-module.data.aws_iam_policy_document.assume_role_get"
          ]
        }
      ]
    },
    {
      "module": "module.api-lambda-module",
      "mode": "managed",
      "type": "aws_lambda_permission",
      "name": "allow_api_gateway_get_delete",
      "provider": "provider[\"registry.terraform.io/hashicorp/aws\"]",
      "instances": [
        {
          "schema_version": 0,
          "attributes": {
            "action": "lambda:InvokeFunction",
            "event_source_token": null,
            "function_name": "myfunction",
            "function_url_auth_type": null,
            "id": "AllowExecutionFromApiGatewayts",
            "principal": "apigateway.amazonaws.com",
            "principal_org_id": null,
            "qualifier": "",
            "source_account": null,
            "source_arn": "arn:aws:execute-api:ap-south-1:060735869845:705zf5qy4e/*/DELETE/projects/{id}",
            "statement_id": "AllowExecutionFromApiGatewayts",
            "statement_id_prefix": ""
          },
          "sensitive_attributes": [],
          "private": "bnVsbA==",
          "dependencies": [
            "module.api-lambda-module.aws_api_gateway_resource.proxy1",
            "module.api-lambda-module.aws_api_gateway_resource.proxy2",
            "module.api-lambda-module.aws_api_gateway_rest_api.api",
            "module.api-lambda-module.aws_iam_role.iam_for_lambda_myfunction",
            "module.api-lambda-module.aws_lambda_function.lambda_myfunction",
            "module.api-lambda-module.data.archive_file.lambdamyfunction",
            "module.api-lambda-module.data.aws_iam_policy_document.assume_role_myfunction"
          ]
        }
      ]
    },
    {
      "module": "module.api-lambda-module",
      "mode": "managed",
      "type": "aws_lambda_permission",
      "name": "allow_api_gateway_get_get_id",
      "provider": "provider[\"registry.terraform.io/hashicorp/aws\"]",
      "instances": [
        {
          "schema_version": 0,
          "attributes": {
            "action": "lambda:InvokeFunction",
            "event_source_token": null,
            "function_name": "myfunction",
            "function_url_auth_type": null,
            "id": "AllowExecutionFromApiGatewayt",
            "principal": "apigateway.amazonaws.com",
            "principal_org_id": null,
            "qualifier": "",
            "source_account": null,
            "source_arn": "arn:aws:execute-api:ap-south-1:060735869845:705zf5qy4e/*/GET/projects/{id}",
            "statement_id": "AllowExecutionFromApiGatewayt",
            "statement_id_prefix": ""
          },
          "sensitive_attributes": [],
          "private": "bnVsbA==",
          "dependencies": [
            "module.api-lambda-module.aws_api_gateway_resource.proxy1",
            "module.api-lambda-module.aws_api_gateway_resource.proxy2",
            "module.api-lambda-module.aws_api_gateway_rest_api.api",
            "module.api-lambda-module.aws_iam_role.iam_for_lambda_myfunction",
            "module.api-lambda-module.aws_lambda_function.lambda_myfunction",
            "module.api-lambda-module.data.archive_file.lambdamyfunction",
            "module.api-lambda-module.data.aws_iam_policy_document.assume_role_myfunction"
          ]
        }
      ]
    },
    {
      "module": "module.api-lambda-module",
      "mode": "managed",
      "type": "aws_lambda_permission",
      "name": "allow_api_gateway_get_myfunction",
      "provider": "provider[\"registry.terraform.io/hashicorp/aws\"]",
      "instances": [
        {
          "schema_version": 0,
          "attributes": {
            "action": "lambda:InvokeFunction",
            "event_source_token": null,
            "function_name": "myfunction",
            "function_url_auth_type": null,
            "id": "AllowExecutionFromApiGateway",
            "principal": "apigateway.amazonaws.com",
            "principal_org_id": null,
            "qualifier": "",
            "source_account": null,
            "source_arn": "arn:aws:execute-api:ap-south-1:060735869845:705zf5qy4e/*/GET/projects",
            "statement_id": "AllowExecutionFromApiGateway",
            "statement_id_prefix": ""
          },
          "sensitive_attributes": [],
          "private": "bnVsbA==",
          "dependencies": [
            "module.api-lambda-module.aws_api_gateway_resource.proxy1",
            "module.api-lambda-module.aws_api_gateway_rest_api.api",
            "module.api-lambda-module.aws_iam_role.iam_for_lambda_myfunction",
            "module.api-lambda-module.aws_lambda_function.lambda_myfunction",
            "module.api-lambda-module.data.archive_file.lambdamyfunction",
            "module.api-lambda-module.data.aws_iam_policy_document.assume_role_myfunction"
          ]
        }
      ]
    },
    {
      "module": "module.api-lambda-module",
      "mode": "managed",
      "type": "aws_lambda_permission",
      "name": "allow_api_gateway_get_myfunction_put",
      "provider": "provider[\"registry.terraform.io/hashicorp/aws\"]",
      "instances": [
        {
          "schema_version": 0,
          "attributes": {
            "action": "lambda:InvokeFunction",
            "event_source_token": null,
            "function_name": "myfunction",
            "function_url_auth_type": null,
            "id": "AllowExecutionFromApiGateways",
            "principal": "apigateway.amazonaws.com",
            "principal_org_id": null,
            "qualifier": "",
            "source_account": null,
            "source_arn": "arn:aws:execute-api:ap-south-1:060735869845:705zf5qy4e/*/PUT/projects",
            "statement_id": "AllowExecutionFromApiGateways",
            "statement_id_prefix": ""
          },
          "sensitive_attributes": [],
          "private": "bnVsbA==",
          "dependencies": [
            "module.api-lambda-module.aws_api_gateway_resource.proxy1",
            "module.api-lambda-module.aws_api_gateway_rest_api.api",
            "module.api-lambda-module.aws_iam_role.iam_for_lambda_myfunction",
            "module.api-lambda-module.aws_lambda_function.lambda_myfunction",
            "module.api-lambda-module.data.archive_file.lambdamyfunction",
            "module.api-lambda-module.data.aws_iam_policy_document.assume_role_myfunction"
          ]
        }
      ]
    },
    {
      "module": "module.api-lambda-module",
      "mode": "managed",
      "type": "aws_sfn_state_machine",
      "name": "sfn_state_machine",
      "provider": "provider[\"registry.terraform.io/hashicorp/aws\"]",
      "instances": [
        {
          "schema_version": 0,
          "attributes": {
            "arn": "arn:aws:states:ap-south-1:060735869845:stateMachine:state-machine",
            "creation_date": "2023-11-13T12:13:22Z",
            "definition": "{\n  \"Comment\": \"A description of my state machine\",\n  \"StartAt\": \"ssp-email-check\",\n  \"States\": {\n    \"ssp-email-check\": {\n      \"Type\": \"Task\",\n      \"Resource\": \"arn:aws:states:::lambda:invoke\",\n      \"OutputPath\": \"$.Payload\",\n      \"Parameters\": {\n        \"Payload.$\": \"$\",\n        \"FunctionName\": \"arn:aws:lambda:ap-south-1:060735869845:function:ssp-mhpawsfoundation-emailcheck:$LATEST\"\n      },\n      \"Retry\": [\n        {\n          \"ErrorEquals\": [\n            \"Lambda.ServiceException\",\n            \"Lambda.AWSLambdaException\",\n            \"Lambda.SdkClientException\",\n            \"Lambda.TooManyRequestsException\"\n          ],\n          \"IntervalSeconds\": 3,\n          \"MaxAttempts\": 3,\n          \"BackoffRate\": 1\n        }\n      ],\n      \"Next\": \"Choice\",\n      \"Catch\": [\n        {\n          \"ErrorEquals\": [\n            \"States.ALL\"\n          ],\n          \"Next\": \"Error Notification\"\n        }\n      ]\n    },\n    \"Choice\": {\n      \"Type\": \"Choice\",\n      \"Choices\": [\n        {\n          \"Variable\": \"$.email_status\",\n          \"StringMatches\": \"Valid\",\n          \"Next\": \"EmailValid\"\n        },\n        {\n          \"Variable\": \"$.email_status\",\n          \"StringMatches\": \"Invalid\",\n          \"Next\": \"ssp-fetch-email\"\n        }\n      ]\n    },\n    \"ssp-fetch-email\": {\n      \"Type\": \"Task\",\n      \"Resource\": \"arn:aws:states:::lambda:invoke\",\n      \"OutputPath\": \"$.Payload\",\n      \"Parameters\": {\n        \"Payload.$\": \"$\",\n        \"FunctionName\": \"arn:aws:lambda:ap-south-1:060735869845:function:ssp-mhpawsfoundation-fetchemail:$LATEST\"\n      },\n      \"Retry\": [\n        {\n          \"ErrorEquals\": [\n            \"Lambda.ServiceException\",\n            \"Lambda.AWSLambdaException\",\n            \"Lambda.SdkClientException\",\n            \"Lambda.TooManyRequestsException\"\n          ],\n          \"IntervalSeconds\": 1,\n          \"MaxAttempts\": 3,\n          \"BackoffRate\": 2\n        }\n      ],\n      \"Next\": \"EmailStatus\",\n      \"Catch\": [\n        {\n          \"ErrorEquals\": [\n            \"States.ALL\"\n          ],\n          \"Next\": \"Error Notification\"\n        }\n      ]\n    },\n    \"EmailStatus\": {\n      \"Type\": \"Choice\",\n      \"Choices\": [\n        {\n          \"Variable\": \"$.email_status\",\n          \"StringMatches\": \"Valid\",\n          \"Next\": \"EmailFetch\"\n        }\n      ],\n      \"Default\": \"Error Notification\"\n    },\n    \"Error Notification\": {\n      \"Type\": \"Task\",\n      \"Resource\": \"arn:aws:states:::sns:publish\",\n      \"Parameters\": {\n        \"Message.$\": \"$\",\n        \"TopicArn\": \"arn:aws:sns:ap-south-1:648457118085:test\"\n      },\n      \"Next\": \"Fail\"\n    },\n    \"EmailFetch\": {\n      \"Type\": \"Pass\",\n      \"Next\": \"ssp-account-request-New\"\n    },\n    \"ssp-account-request-New\": {\n      \"Type\": \"Task\",\n      \"Resource\": \"arn:aws:states:::lambda:invoke\",\n      \"OutputPath\": \"$.Payload\",\n      \"Parameters\": {\n        \"Payload.$\": \"$\",\n        \"FunctionName\": \"arn:aws:lambda:ap-south-1:060735869845:function:ssp-mhpawsfoundation-accountrequest:$LATEST\"\n      },\n      \"Retry\": [\n        {\n          \"ErrorEquals\": [\n            \"Lambda.ServiceException\",\n            \"Lambda.AWSLambdaException\",\n            \"Lambda.SdkClientException\",\n            \"Lambda.TooManyRequestsException\"\n          ],\n          \"IntervalSeconds\": 1,\n          \"MaxAttempts\": 3,\n          \"BackoffRate\": 2\n        }\n      ],\n      \"Catch\": [\n        {\n          \"ErrorEquals\": [\n            \"States.ALL\"\n          ],\n          \"Next\": \"Error Notification\"\n        }\n      ],\n      \"Next\": \"Success\"\n    },\n    \"Success\": {\n      \"Type\": \"Succeed\"\n    },\n    \"EmailValid\": {\n      \"Type\": \"Pass\",\n      \"Next\": \"ssp-account-request-New\"\n    },\n    \"Fail\": {\n      \"Type\": \"Fail\"\n    }\n  }\n}\n",
            "description": "",
            "id": "arn:aws:states:ap-south-1:060735869845:stateMachine:state-machine",
            "logging_configuration": [
              {
                "include_execution_data": true,
                "level": "ALL",
                "log_destination": "arn:aws:logs:ap-south-1:060735869845:log-group:/aws/states/ssp-mhpawsfoundation-statemachinelog:*"
              }
            ],
            "name": "state-machine",
            "name_prefix": "",
            "publish": true,
            "revision_id": "",
            "role_arn": "arn:aws:iam::060735869845:role/stepFunctionSampleStepFunctionExecutionIAM",
            "state_machine_version_arn": "arn:aws:states:ap-south-1:060735869845:stateMachine:state-machine:1",
            "status": "ACTIVE",
            "tags": null,
            "tags_all": {},
            "timeouts": null,
            "tracing_configuration": [
              {
                "enabled": false
              }
            ],
            "type": "EXPRESS",
            "version_description": null
          },
          "sensitive_attributes": [],
          "private": "eyJlMmJmYjczMC1lY2FhLTExZTYtOGY4OC0zNDM2M2JjN2M0YzAiOnsiY3JlYXRlIjozMDAwMDAwMDAwMDAsImRlbGV0ZSI6MzAwMDAwMDAwMDAwLCJ1cGRhdGUiOjYwMDAwMDAwMDAwfX0=",
          "dependencies": [
            "module.api-lambda-module.aws_cloudwatch_log_group.log_group_for_sfn",
            "module.api-lambda-module.aws_iam_role.iam_for_lambda_emailcheck",
            "module.api-lambda-module.aws_iam_role.iam_for_lambda_emailfetch",
            "module.api-lambda-module.aws_iam_role.iam_for_sfn",
            "module.api-lambda-module.aws_lambda_function.lambda_accountrequest",
            "module.api-lambda-module.aws_lambda_function.lambda_email",
            "module.api-lambda-module.aws_lambda_function.lambda_emailfetch",
            "module.api-lambda-module.data.archive_file.accountrequest",
            "module.api-lambda-module.data.archive_file.lambdaemailcheck",
            "module.api-lambda-module.data.archive_file.lambdaemailfetch",
            "module.api-lambda-module.data.aws_iam_policy_document.assume_role_emailcheck",
            "module.api-lambda-module.data.aws_iam_policy_document.assume_role_emailfetch"
          ]
        }
      ]
    },
    {
      "module": "module.cognito-module",
      "mode": "managed",
      "type": "aws_cognito_user_pool",
      "name": "pool",
      "provider": "provider[\"registry.terraform.io/hashicorp/aws\"]",
      "instances": [
        {
          "schema_version": 0,
          "attributes": {
            "account_recovery_setting": [
              {
                "recovery_mechanism": [
                  {
                    "name": "verified_email",
                    "priority": 1
                  },
                  {
                    "name": "verified_phone_number",
                    "priority": 2
                  }
                ]
              }
            ],
            "admin_create_user_config": [
              {
                "allow_admin_create_user_only": false,
                "invite_message_template": []
              }
            ],
            "alias_attributes": null,
            "arn": "arn:aws:cognito-idp:ap-south-1:060735869845:userpool/ap-south-1_1FNPx3M3X",
            "auto_verified_attributes": [
              "email"
            ],
            "creation_date": "2023-11-13T12:12:56Z",
            "custom_domain": "",
            "deletion_protection": "INACTIVE",
            "device_configuration": [],
            "domain": "",
            "email_configuration": [
              {
                "configuration_set": "",
                "email_sending_account": "COGNITO_DEFAULT",
                "from_email_address": "",
                "reply_to_email_address": "",
                "source_arn": ""
              }
            ],
            "email_verification_message": "",
            "email_verification_subject": "",
            "endpoint": "cognito-idp.ap-south-1.amazonaws.com/ap-south-1_1FNPx3M3X",
            "estimated_number_of_users": 0,
            "id": "ap-south-1_1FNPx3M3X",
            "lambda_config": [],
            "last_modified_date": "2023-11-13T12:12:56Z",
            "mfa_configuration": "OFF",
            "name": "ssptestuserpool",
            "password_policy": [
              {
                "minimum_length": 8,
                "require_lowercase": true,
                "require_numbers": true,
                "require_symbols": true,
                "require_uppercase": true,
                "temporary_password_validity_days": 7
              }
            ],
            "schema": [],
            "sms_authentication_message": "",
            "sms_configuration": [],
            "sms_verification_message": "",
            "software_token_mfa_configuration": [],
            "tags": null,
            "tags_all": {},
            "user_attribute_update_settings": [],
            "user_pool_add_ons": [],
            "username_attributes": [
              "email"
            ],
            "username_configuration": [],
            "verification_message_template": [
              {
                "default_email_option": "CONFIRM_WITH_CODE",
                "email_message": "",
                "email_message_by_link": "",
                "email_subject": "",
                "email_subject_by_link": "",
                "sms_message": ""
              }
            ]
          },
          "sensitive_attributes": [],
          "private": "bnVsbA=="
        }
      ]
    },
    {
      "module": "module.cognito-module",
      "mode": "managed",
      "type": "aws_cognito_user_pool_client",
      "name": "client",
      "provider": "provider[\"registry.terraform.io/hashicorp/aws\"]",
      "instances": [
        {
          "schema_version": 0,
          "attributes": {
            "access_token_validity": 0,
            "allowed_oauth_flows": [
              "code"
            ],
            "allowed_oauth_flows_user_pool_client": true,
            "allowed_oauth_scopes": [
              "email",
              "openid"
            ],
            "analytics_configuration": [],
            "auth_session_validity": 3,
            "callback_urls": [
              "https://caxsol.com/"
            ],
            "client_secret": "",
            "default_redirect_uri": "",
            "enable_propagate_additional_user_context_data": false,
            "enable_token_revocation": true,
            "explicit_auth_flows": [],
            "generate_secret": null,
            "id": "4rd6epakac2d17bpn3f3283enk",
            "id_token_validity": 0,
            "logout_urls": [
              "http://localhost:3000"
            ],
            "name": "example-client",
            "prevent_user_existence_errors": "",
            "read_attributes": [],
            "refresh_token_validity": 30,
            "supported_identity_providers": [
              "COGNITO"
            ],
            "token_validity_units": [],
            "user_pool_id": "ap-south-1_1FNPx3M3X",
            "write_attributes": []
          },
          "sensitive_attributes": [],
          "dependencies": [
            "module.cognito-module.aws_cognito_user_pool.pool"
          ]
        }
      ]
    },
    {
      "module": "module.cognito-module",
      "mode": "managed",
      "type": "aws_cognito_user_pool_domain",
      "name": "examples",
      "provider": "provider[\"registry.terraform.io/hashicorp/aws\"]",
      "instances": [
        {
          "schema_version": 0,
          "attributes": {
            "aws_account_id": "060735869845",
            "certificate_arn": "",
            "cloudfront_distribution": "d19bnlz1qkpkne.cloudfront.net",
            "cloudfront_distribution_arn": "d19bnlz1qkpkne.cloudfront.net",
            "cloudfront_distribution_zone_id": "Z2FDTNDATAQYW2",
            "domain": "testrrdsfsdr",
            "id": "testrrdsfsdr",
            "s3_bucket": "aws-cognito-prod-bom-assets",
            "user_pool_id": "ap-south-1_1FNPx3M3X",
            "version": "20231113121258"
          },
          "sensitive_attributes": [],
          "private": "bnVsbA==",
          "dependencies": [
            "module.cognito-module.aws_cognito_user_pool.pool"
          ]
        }
      ]
    },
    {
      "module": "module.dev-account",
      "mode": "data",
      "type": "archive_file",
      "name": "accountcreation",
      "provider": "provider[\"registry.terraform.io/hashicorp/archive\"]",
      "instances": [
        {
          "schema_version": 0,
          "attributes": {
            "exclude_symlink_directories": null,
            "excludes": null,
            "id": "616cb2723735a316d8b9f7dfba369807950fe132",
            "output_base64sha256": "fN0Bh9UslxnwRPEgsoN617xlh18a33KIhj4IDJCIjvU=",
            "output_base64sha512": "qKxkdJGGg09QgRkF8XD0ypK1ujjAW6qGXBhdJrD1mbyk2aJyvePRyatImKpEOiCYHh6UOMXq05rX5+SUUXf8RA==",
            "output_file_mode": null,
            "output_md5": "e209927cd877145018ddc1eeff1da118",
            "output_path": "accountcreation.zip",
            "output_sha": "616cb2723735a316d8b9f7dfba369807950fe132",
            "output_sha256": "7cdd0187d52c9719f044f120b2837ad7bc65875f1adf7288863e080c90888ef5",
            "output_sha512": "a8ac64749186834f50811905f170f4ca92b5ba38c05baa865c185d26b0f599bca4d9a272bde3d1c9ab4898aa443a20981e1e9438c5ead39ad7e7e4945177fc44",
            "output_size": 1036,
            "source": [],
            "source_content": null,
            "source_content_filename": null,
            "source_dir": null,
            "source_file": "accountcreation_lambda_function.py",
            "type": "zip"
          },
          "sensitive_attributes": []
        }
      ]
    },
    {
      "module": "module.dev-account",
      "mode": "data",
      "type": "aws_iam_policy_document",
      "name": "assume_role_accountcreation",
      "provider": "provider[\"registry.terraform.io/hashicorp/aws\"]",
      "instances": [
        {
          "schema_version": 0,
          "attributes": {
            "id": "2690255455",
            "json": "{\n  \"Version\": \"2012-10-17\",\n  \"Statement\": [\n    {\n      \"Effect\": \"Allow\",\n      \"Action\": \"sts:AssumeRole\",\n      \"Principal\": {\n        \"Service\": \"lambda.amazonaws.com\"\n      }\n    }\n  ]\n}",
            "override_policy_documents": null,
            "policy_id": null,
            "source_policy_documents": null,
            "statement": [
              {
                "actions": [
                  "sts:AssumeRole"
                ],
                "condition": [],
                "effect": "Allow",
                "not_actions": [],
                "not_principals": [],
                "not_resources": [],
                "principals": [
                  {
                    "identifiers": [
                      "lambda.amazonaws.com"
                    ],
                    "type": "Service"
                  }
                ],
                "resources": [],
                "sid": ""
              }
            ],
            "version": "2012-10-17"
          },
          "sensitive_attributes": []
        }
      ]
    },
    {
      "module": "module.dev-account",
      "mode": "data",
      "type": "aws_iam_policy_document",
      "name": "assume_role_event",
      "provider": "provider[\"registry.terraform.io/hashicorp/aws\"]",
      "instances": [
        {
          "schema_version": 0,
          "attributes": {
            "id": "3959961479",
            "json": "{\n  \"Version\": \"2012-10-17\",\n  \"Statement\": [\n    {\n      \"Effect\": \"Allow\",\n      \"Action\": \"sts:AssumeRole\",\n      \"Principal\": {\n        \"Service\": \"events.amazonaws.com\"\n      }\n    }\n  ]\n}",
            "override_policy_documents": null,
            "policy_id": null,
            "source_policy_documents": null,
            "statement": [
              {
                "actions": [
                  "sts:AssumeRole"
                ],
                "condition": [],
                "effect": "Allow",
                "not_actions": [],
                "not_principals": [],
                "not_resources": [],
                "principals": [
                  {
                    "identifiers": [
                      "events.amazonaws.com"
                    ],
                    "type": "Service"
                  }
                ],
                "resources": [],
                "sid": ""
              }
            ],
            "version": "2012-10-17"
          },
          "sensitive_attributes": []
        }
      ]
    },
    {
      "module": "module.dev-account",
      "mode": "managed",
      "type": "aws_cloudwatch_event_bus",
      "name": "event_bus_global",
      "provider": "provider[\"registry.terraform.io/hashicorp/aws\"]",
      "instances": [
        {
          "schema_version": 0,
          "attributes": {
            "arn": "arn:aws:events:ap-south-1:060735869845:event-bus/accountcreation-awsmhpfoundation-eventfromct",
            "event_source_name": null,
            "id": "accountcreation-awsmhpfoundation-eventfromct",
            "name": "accountcreation-awsmhpfoundation-eventfromct",
            "tags": null,
            "tags_all": {}
          },
          "sensitive_attributes": [],
          "private": "bnVsbA=="
        }
      ]
    },
    {
      "module": "module.dev-account",
      "mode": "managed",
      "type": "aws_cloudwatch_event_bus_policy",
      "name": "event_bus_policy",
      "provider": "provider[\"registry.terraform.io/hashicorp/aws\"]",
      "instances": [
        {
          "schema_version": 0,
          "attributes": {
            "event_bus_name": "accountcreation-awsmhpfoundation-eventfromct",
            "id": "accountcreation-awsmhpfoundation-eventfromct",
            "policy": "{\"Statement\":[{\"Action\":\"events:PutEvents\",\"Effect\":\"Allow\",\"Principal\":{\"AWS\":\"arn:aws:iam::488189875832:root\"},\"Resource\":\"arn:aws:events:ap-south-1:060735869845:event-bus/accountcreation-awsmhpfoundation-eventfromct\",\"Sid\":\"AllowControlTowerToPutEvents\"}],\"Version\":\"2012-10-17\"}"
          },
          "sensitive_attributes": [],
          "private": "bnVsbA==",
          "dependencies": [
            "module.dev-account.aws_cloudwatch_event_bus.event_bus_global"
          ]
        }
      ]
    },
    {
      "module": "module.dev-account",
      "mode": "managed",
      "type": "aws_cloudwatch_event_rule",
      "name": "global_to_account_b_rule",
      "provider": "provider[\"registry.terraform.io/hashicorp/aws\"]",
      "instances": [
        {
          "schema_version": 0,
          "attributes": {
            "arn": "arn:aws:events:ap-south-1:060735869845:rule/accountcreation-awsmhpfoundation-eventfromct/accountcreation-awsmhpfoundation-for-lambda",
            "description": "",
            "event_bus_name": "accountcreation-awsmhpfoundation-eventfromct",
            "event_pattern": "{\"detail\":{\"eventName\":[\"UpdateManagedAccount\",\"CreateManagedAccount\"]},\"detail-type\":[\"AWS Service Event via CloudTrail\"],\"source\":[\"aws.controltower\"]}",
            "id": "accountcreation-awsmhpfoundation-eventfromct/accountcreation-awsmhpfoundation-for-lambda",
            "is_enabled": true,
            "name": "accountcreation-awsmhpfoundation-for-lambda",
            "name_prefix": "",
            "role_arn": "",
            "schedule_expression": "",
            "tags": null,
            "tags_all": {}
          },
          "sensitive_attributes": [],
          "private": "bnVsbA==",
          "dependencies": [
            "module.dev-account.aws_cloudwatch_event_bus.event_bus_global"
          ]
        }
      ]
    },
    {
      "module": "module.dev-account",
      "mode": "managed",
      "type": "aws_cloudwatch_event_target",
      "name": "event_target",
      "provider": "provider[\"registry.terraform.io/hashicorp/aws\"]",
      "instances": [
        {
          "schema_version": 1,
          "attributes": {
            "arn": "arn:aws:lambda:ap-south-1:060735869845:function:accountcreation-awsmhpfoundation-target",
            "batch_target": [],
            "dead_letter_config": [],
            "ecs_target": [],
            "event_bus_name": "accountcreation-awsmhpfoundation-eventfromct",
            "http_target": [],
            "id": "accountcreation-awsmhpfoundation-eventfromct-accountcreation-awsmhpfoundation-for-lambda-terraform-20231113121327069100000004",
            "input": "",
            "input_path": "",
            "input_transformer": [],
            "kinesis_target": [],
            "redshift_target": [],
            "retry_policy": [],
            "role_arn": "",
            "rule": "accountcreation-awsmhpfoundation-for-lambda",
            "run_command_targets": [],
            "sagemaker_pipeline_target": [],
            "sqs_target": [],
            "target_id": "terraform-20231113121327069100000004"
          },
          "sensitive_attributes": [],
          "private": "eyJzY2hlbWFfdmVyc2lvbiI6IjEifQ==",
          "dependencies": [
            "module.dev-account.aws_cloudwatch_event_bus.event_bus_global",
            "module.dev-account.aws_cloudwatch_event_rule.global_to_account_b_rule",
            "module.dev-account.aws_iam_role.iam_for_lambda_accountcreation",
            "module.dev-account.aws_lambda_function.lambda_accountcreation",
            "module.dev-account.data.archive_file.accountcreation",
            "module.dev-account.data.aws_iam_policy_document.assume_role_accountcreation"
          ]
        }
      ]
    },
    {
      "module": "module.dev-account",
      "mode": "managed",
      "type": "aws_iam_policy",
      "name": "policy_lambda_access_event",
      "provider": "provider[\"registry.terraform.io/hashicorp/aws\"]",
      "instances": [
        {
          "schema_version": 0,
          "attributes": {
            "arn": "arn:aws:iam::060735869845:policy/account-access-policy_event",
            "description": "My test policy",
            "id": "arn:aws:iam::060735869845:policy/account-access-policy_event",
            "name": "account-access-policy_event",
            "name_prefix": "",
            "path": "/",
            "policy": "{\"Statement\":[{\"Action\":[\"events:PutEvents\"],\"Effect\":\"Allow\",\"Resource\":[\"arn:aws:events:ap-south-1:184379421094:event-bus/accountcreation-awsmhpfoundation-eventfromct\"]}],\"Version\":\"2012-10-17\"}",
            "policy_id": "ANPAQ4JBD2OK3NJQ6YV7Q",
            "tags": null,
            "tags_all": {}
          },
          "sensitive_attributes": [],
          "private": "bnVsbA=="
        }
      ]
    },
    {
      "module": "module.dev-account",
      "mode": "managed",
      "type": "aws_iam_policy",
      "name": "policy_lambda_accountcreation",
      "provider": "provider[\"registry.terraform.io/hashicorp/aws\"]",
      "instances": [
        {
          "schema_version": 0,
          "attributes": {
            "arn": "arn:aws:iam::060735869845:policy/AWSLambdaBasic_policy",
            "description": "My AWSLambdaBasic policy",
            "id": "arn:aws:iam::060735869845:policy/AWSLambdaBasic_policy",
            "name": "AWSLambdaBasic_policy",
            "name_prefix": "",
            "path": "/",
            "policy": "{\"Statement\":[{\"Action\":\"logs:CreateLogGroup\",\"Effect\":\"Allow\",\"Resource\":\"arn:aws:logs:ap-south-1:406277425859:*\"},{\"Action\":[\"logs:CreateLogStream\",\"logs:PutLogEvents\"],\"Effect\":\"Allow\",\"Resource\":[\"arn:aws:logs:ap-south-1:406277425859:log-group:/aws/lambda/accountcreation-awsmhpfoundation-target:*\"]}],\"Version\":\"2012-10-17\"}",
            "policy_id": "ANPAQ4JBD2OK2AAXP3UDC",
            "tags": null,
            "tags_all": {}
          },
          "sensitive_attributes": [],
          "private": "bnVsbA=="
        }
      ]
    },
    {
      "module": "module.dev-account",
      "mode": "managed",
      "type": "aws_iam_policy_attachment",
      "name": "dynamodb_policy_accountcreation",
      "provider": "provider[\"registry.terraform.io/hashicorp/aws\"]",
      "instances": [
        {
          "schema_version": 0,
          "attributes": {
            "groups": null,
            "id": "policy_dynamodb_accountcreation",
            "name": "policy_dynamodb_accountcreation",
            "policy_arn": "arn:aws:iam::aws:policy/AmazonDynamoDBFullAccess",
            "roles": [
              "accountcreation-awsmhpfoundation-target-role"
            ],
            "users": null
          },
          "sensitive_attributes": [],
          "private": "bnVsbA==",
          "dependencies": [
            "module.dev-account.aws_iam_role.iam_for_lambda_accountcreation",
            "module.dev-account.data.aws_iam_policy_document.assume_role_accountcreation"
          ]
        }
      ]
    },
    {
      "module": "module.dev-account",
      "mode": "managed",
      "type": "aws_iam_policy_attachment",
      "name": "lambda_execution_policy_accountcreation",
      "provider": "provider[\"registry.terraform.io/hashicorp/aws\"]",
      "instances": [
        {
          "schema_version": 0,
          "attributes": {
            "groups": null,
            "id": "lambda_execution_policy_accountcreation",
            "name": "lambda_execution_policy_accountcreation",
            "policy_arn": "arn:aws:iam::060735869845:policy/AWSLambdaBasic_policy",
            "roles": [
              "accountcreation-awsmhpfoundation-target-role"
            ],
            "users": null
          },
          "sensitive_attributes": [],
          "private": "bnVsbA==",
          "dependencies": [
            "module.dev-account.aws_iam_policy.policy_lambda_accountcreation",
            "module.dev-account.aws_iam_role.iam_for_lambda_accountcreation",
            "module.dev-account.data.aws_iam_policy_document.assume_role_accountcreation"
          ]
        }
      ]
    },
    {
      "module": "module.dev-account",
      "mode": "managed",
      "type": "aws_iam_policy_attachment",
      "name": "lambda_execution_policy_get_event_r",
      "provider": "provider[\"registry.terraform.io/hashicorp/aws\"]",
      "instances": [
        {
          "schema_version": 0,
          "attributes": {
            "groups": null,
            "id": "lambda_execution_policy_get_event",
            "name": "lambda_execution_policy_get_event",
            "policy_arn": "arn:aws:iam::060735869845:policy/account-access-policy_event",
            "roles": [
              "event_target_role"
            ],
            "users": null
          },
          "sensitive_attributes": [],
          "private": "bnVsbA==",
          "dependencies": [
            "module.dev-account.aws_iam_policy.policy_lambda_access_event",
            "module.dev-account.aws_iam_role.iam_for_lambda_event",
            "module.dev-account.data.aws_iam_policy_document.assume_role_event"
          ]
        }
      ]
    },
    {
      "module": "module.dev-account",
      "mode": "managed",
      "type": "aws_iam_role",
      "name": "iam_for_lambda_accountcreation",
      "provider": "provider[\"registry.terraform.io/hashicorp/aws\"]",
      "instances": [
        {
          "schema_version": 0,
          "attributes": {
            "arn": "arn:aws:iam::060735869845:role/accountcreation-awsmhpfoundation-target-role",
            "assume_role_policy": "{\"Statement\":[{\"Action\":\"sts:AssumeRole\",\"Effect\":\"Allow\",\"Principal\":{\"Service\":\"lambda.amazonaws.com\"}}],\"Version\":\"2012-10-17\"}",
            "create_date": "2023-11-13T12:12:56Z",
            "description": "",
            "force_detach_policies": false,
            "id": "accountcreation-awsmhpfoundation-target-role",
            "inline_policy": [],
            "managed_policy_arns": [],
            "max_session_duration": 3600,
            "name": "accountcreation-awsmhpfoundation-target-role",
            "name_prefix": "",
            "path": "/",
            "permissions_boundary": "",
            "tags": null,
            "tags_all": {},
            "unique_id": "AROAQ4JBD2OKWIDG54XRF"
          },
          "sensitive_attributes": [],
          "private": "bnVsbA==",
          "dependencies": [
            "module.dev-account.data.aws_iam_policy_document.assume_role_accountcreation"
          ]
        }
      ]
    },
    {
      "module": "module.dev-account",
      "mode": "managed",
      "type": "aws_iam_role",
      "name": "iam_for_lambda_event",
      "provider": "provider[\"registry.terraform.io/hashicorp/aws\"]",
      "instances": [
        {
          "schema_version": 0,
          "attributes": {
            "arn": "arn:aws:iam::060735869845:role/event_target_role",
            "assume_role_policy": "{\"Statement\":[{\"Action\":\"sts:AssumeRole\",\"Effect\":\"Allow\",\"Principal\":{\"Service\":\"events.amazonaws.com\"}}],\"Version\":\"2012-10-17\"}",
            "create_date": "2023-11-13T12:12:57Z",
            "description": "",
            "force_detach_policies": false,
            "id": "event_target_role",
            "inline_policy": [],
            "managed_policy_arns": [],
            "max_session_duration": 3600,
            "name": "event_target_role",
            "name_prefix": "",
            "path": "/",
            "permissions_boundary": "",
            "tags": null,
            "tags_all": {},
            "unique_id": "AROAQ4JBD2OKY2A74WDVE"
          },
          "sensitive_attributes": [],
          "private": "bnVsbA==",
          "dependencies": [
            "module.dev-account.data.aws_iam_policy_document.assume_role_event"
          ]
        }
      ]
    },
    {
      "module": "module.dev-account",
      "mode": "managed",
      "type": "aws_lambda_function",
      "name": "lambda_accountcreation",
      "provider": "provider[\"registry.terraform.io/hashicorp/aws\"]",
      "instances": [
        {
          "schema_version": 0,
          "attributes": {
            "architectures": [
              "x86_64"
            ],
            "arn": "arn:aws:lambda:ap-south-1:060735869845:function:accountcreation-awsmhpfoundation-target",
            "code_signing_config_arn": "",
            "dead_letter_config": [],
            "description": "",
            "environment": [],
            "ephemeral_storage": [
              {
                "size": 512
              }
            ],
            "file_system_config": [],
            "filename": "accountcreation.zip",
            "function_name": "accountcreation-awsmhpfoundation-target",
            "handler": "accountcreation_lambda_function.lambda_handler",
            "id": "accountcreation-awsmhpfoundation-target",
            "image_config": [],
            "image_uri": "",
            "invoke_arn": "arn:aws:apigateway:ap-south-1:lambda:path/2015-03-31/functions/arn:aws:lambda:ap-south-1:060735869845:function:accountcreation-awsmhpfoundation-target/invocations",
            "kms_key_arn": "",
            "last_modified": "2023-11-13T12:13:21.878+0000",
            "layers": null,
            "memory_size": 128,
            "package_type": "Zip",
            "publish": false,
            "qualified_arn": "arn:aws:lambda:ap-south-1:060735869845:function:accountcreation-awsmhpfoundation-target:$LATEST",
            "qualified_invoke_arn": "arn:aws:apigateway:ap-south-1:lambda:path/2015-03-31/functions/arn:aws:lambda:ap-south-1:060735869845:function:accountcreation-awsmhpfoundation-target:$LATEST/invocations",
            "replace_security_groups_on_destroy": null,
            "replacement_security_group_ids": null,
            "reserved_concurrent_executions": -1,
            "role": "arn:aws:iam::060735869845:role/accountcreation-awsmhpfoundation-target-role",
            "runtime": "python3.7",
            "s3_bucket": null,
            "s3_key": null,
            "s3_object_version": null,
            "signing_job_arn": "",
            "signing_profile_version_arn": "",
            "skip_destroy": false,
            "snap_start": [],
            "source_code_hash": "fN0Bh9UslxnwRPEgsoN617xlh18a33KIhj4IDJCIjvU=",
            "source_code_size": 1036,
            "tags": null,
            "tags_all": {},
            "timeout": 3,
            "timeouts": null,
            "tracing_config": [
              {
                "mode": "PassThrough"
              }
            ],
            "version": "$LATEST",
            "vpc_config": []
          },
          "sensitive_attributes": [],
          "private": "eyJlMmJmYjczMC1lY2FhLTExZTYtOGY4OC0zNDM2M2JjN2M0YzAiOnsiY3JlYXRlIjo2MDAwMDAwMDAwMDAsImRlbGV0ZSI6NjAwMDAwMDAwMDAwLCJ1cGRhdGUiOjYwMDAwMDAwMDAwMH19",
          "dependencies": [
            "module.dev-account.aws_iam_role.iam_for_lambda_accountcreation",
            "module.dev-account.data.archive_file.accountcreation",
            "module.dev-account.data.aws_iam_policy_document.assume_role_accountcreation"
          ]
        }
      ]
    },
    {
      "module": "module.dev-account",
      "mode": "managed",
      "type": "aws_lambda_permission",
      "name": "allow_event",
      "provider": "provider[\"registry.terraform.io/hashicorp/aws\"]",
      "instances": [
        {
          "schema_version": 0,
          "attributes": {
            "action": "lambda:InvokeFunction",
            "event_source_token": null,
            "function_name": "accountcreation-awsmhpfoundation-target",
            "function_url_auth_type": null,
            "id": "AllowExecutionFromEvents",
            "principal": "events.amazonaws.com",
            "principal_org_id": null,
            "qualifier": "",
            "source_account": null,
            "source_arn": "arn:aws:events:ap-south-1:060735869845:rule/accountcreation-awsmhpfoundation-eventfromct/accountcreation-awsmhpfoundation-for-lambda",
            "statement_id": "AllowExecutionFromEvents",
            "statement_id_prefix": ""
          },
          "sensitive_attributes": [],
          "private": "bnVsbA==",
          "dependencies": [
            "module.dev-account.aws_cloudwatch_event_bus.event_bus_global",
            "module.dev-account.aws_cloudwatch_event_rule.global_to_account_b_rule",
            "module.dev-account.aws_iam_role.iam_for_lambda_accountcreation",
            "module.dev-account.aws_lambda_function.lambda_accountcreation",
            "module.dev-account.data.archive_file.accountcreation",
            "module.dev-account.data.aws_iam_policy_document.assume_role_accountcreation"
          ]
        }
      ]
    }
  ]
}
